// !$*UTF8*$!
{
	archiveVersion = 1;
	classes = {
	};
	objectVersion = 77;
	objects = {

/* Begin PBXBuildFile section */
		0157B89CEF9E14FCFC95831A /* SpotsViewModel.swift in Sources */ = {isa = PBXBuildFile; fileRef = 718654C55006EE5A73C89843 /* SpotsViewModel.swift */; };
		0913A27CF8E446091B33974C /* LogRepository.swift in Sources */ = {isa = PBXBuildFile; fileRef = 26180B1539A33ED3751C8038 /* LogRepository.swift */; };
		0EDF258F9D08765569BF9FEE /* SpotModelTests.swift in Sources */ = {isa = PBXBuildFile; fileRef = 436A3CAC8A64BCC306950B62 /* SpotModelTests.swift */; };
		0F1D52B3C3ACE55ED3385B38 /* KeychainService.swift in Sources */ = {isa = PBXBuildFile; fileRef = A5E4CDFB3B9728E8D013069E /* KeychainService.swift */; };
		10C4D86FBD0FD14F62FA113F /* LogListView.swift in Sources */ = {isa = PBXBuildFile; fileRef = 2A082D27F6F1343A8E4B9B8C /* LogListView.swift */; };
		14E988454D9F5D07A45BB498 /* DateFormattingTests.swift in Sources */ = {isa = PBXBuildFile; fileRef = C2DF5C7C156080F640454DB2 /* DateFormattingTests.swift */; };
		15FCD238FFF1E83EBF333ADF /* BandPlan.swift in Sources */ = {isa = PBXBuildFile; fileRef = 2B1300F1FD26FE79A48BFE94 /* BandPlan.swift */; };
		1ED4ECFEE612C2376777750C /* OmniFieldParser.swift in Sources */ = {isa = PBXBuildFile; fileRef = 813299ED126BB9D2F6A717D2 /* OmniFieldParser.swift */; };
		1F95DE507D883CEC5CE45AA4 /* View+iOS.swift in Sources */ = {isa = PBXBuildFile; fileRef = E18198C59474BB2FEA4A1510 /* View+iOS.swift */; };
		1FD9532C3A4C42F2B6DC47F4 /* TestHelpers.swift in Sources */ = {isa = PBXBuildFile; fileRef = 8686E8508B8D387AF8BC1B16 /* TestHelpers.swift */; };
		21B30B8D3851B8E780141C8C /* POTALocationService.swift in Sources */ = {isa = PBXBuildFile; fileRef = 4FFFE824425D0301F2528068 /* POTALocationService.swift */; };
		274E5B921756A30E83925A34 /* SyncImporterTests.swift in Sources */ = {isa = PBXBuildFile; fileRef = F759C6D173DACA136AB14AE1 /* SyncImporterTests.swift */; };
		30FE889E75C04058294049A5 /* View+AppStyle.swift in Sources */ = {isa = PBXBuildFile; fileRef = BDF114F61B75D161494B7051 /* View+AppStyle.swift */; };
		352EFF0FDFBC50BD0E37167D /* ADIFFormatter.swift in Sources */ = {isa = PBXBuildFile; fileRef = C1D9EAAEFE88C5722AEB3DDF /* ADIFFormatter.swift */; };
		355CB528D730A23D7F18FFDF /* SOTASummit.swift in Sources */ = {isa = PBXBuildFile; fileRef = 9B1E56F233DBEBBA1F87E4E2 /* SOTASummit.swift */; };
		382766C60A6B8E257DD7AD48 /* MetadataStrip.swift in Sources */ = {isa = PBXBuildFile; fileRef = 2220B6EA473F41D18C821368 /* MetadataStrip.swift */; };
		40E28C6FA185AF2703E4177B /* POTASpotService.swift in Sources */ = {isa = PBXBuildFile; fileRef = 9D2F2785E6F2AC0E491F2F08 /* POTASpotService.swift */; };
		465D9912F46AE61BBF04DC49 /* NumberKeyRow.swift in Sources */ = {isa = PBXBuildFile; fileRef = 1282C3A8871D73E842E74FBB /* NumberKeyRow.swift */; };
		48F04ACAD4452C657B2B5C77 /* Font+App.swift in Sources */ = {isa = PBXBuildFile; fileRef = 95AAE0D74F408623C91894A5 /* Font+App.swift */; };
		4943BC7245C8E868920E22A8 /* ReferenceRepository.swift in Sources */ = {isa = PBXBuildFile; fileRef = E509603AB3965292400E7ECB /* ReferenceRepository.swift */; };
		4ED1771DBEFCB39C3E87F411 /* Log.swift in Sources */ = {isa = PBXBuildFile; fileRef = 2F0497472283AB4B46B4C108 /* Log.swift */; };
		5002A13AA26D298653D09550 /* Date+Formatting.swift in Sources */ = {isa = PBXBuildFile; fileRef = 276873C316FE8259B1240F70 /* Date+Formatting.swift */; };
		54EE456BFBCCB2385D14BB2A /* LocationService.swift in Sources */ = {isa = PBXBuildFile; fileRef = 190E13792453F4C7A4C179CF /* LocationService.swift */; };
		5AD435F02D6504F060E3D9CA /* ActiveLogView.swift in Sources */ = {isa = PBXBuildFile; fileRef = 44D38D90E827F671EA1FEDB8 /* ActiveLogView.swift */; };
		5C113C4422B91075E740F7CA /* GRDB in Frameworks */ = {isa = PBXBuildFile; productRef = 6835EC719EC72628DDFF197E /* GRDB */; };
		5CAD509F47D2D9AFF445DC08 /* Color+App.swift in Sources */ = {isa = PBXBuildFile; fileRef = D5E66F550ED47884F3A91479 /* Color+App.swift */; };
		5E57763C0C897C7A9F5BF73B /* QRZCallsignResult.swift in Sources */ = {isa = PBXBuildFile; fileRef = A1EFB5E0766D441B59BDE42C /* QRZCallsignResult.swift */; };
		62584B78191D37BC7F3C98FC /* AppDatabase.swift in Sources */ = {isa = PBXBuildFile; fileRef = 1164680FD822CB549FBF2785 /* AppDatabase.swift */; };
		6262199275FB8DBC452028DA /* NewLogView.swift in Sources */ = {isa = PBXBuildFile; fileRef = 43EC7F7B0ACA429D66488273 /* NewLogView.swift */; };
		6269F57C8EBC8BC71C2CF91F /* SOTALogTests.swift in Sources */ = {isa = PBXBuildFile; fileRef = 39BE3F3C3C986C1EEF0DF930 /* SOTALogTests.swift */; };
		649620D579799BF173BC3473 /* CWMacro.swift in Sources */ = {isa = PBXBuildFile; fileRef = 61F2B5A1956F8C52800ED824 /* CWMacro.swift */; };
		65D744FA4922CA0C1FA3694E /* SpotsSheetView.swift in Sources */ = {isa = PBXBuildFile; fileRef = CF8ED67BB72312D9F93285DC /* SpotsSheetView.swift */; };
		6DBF96036CFFDB385CE76F83 /* QRZLookupService.swift in Sources */ = {isa = PBXBuildFile; fileRef = B473BAD0C0F22955E4DBFFFB /* QRZLookupService.swift */; };
		79B22C489E0EA8217109EC64 /* RepositoryTests.swift in Sources */ = {isa = PBXBuildFile; fileRef = 0056E2A70BE433214C4B7C0A /* RepositoryTests.swift */; };
		7A30847B75520EA883A60C5C /* AppLog.swift in Sources */ = {isa = PBXBuildFile; fileRef = A4266BF0A296CC64D2A95BE5 /* AppLog.swift */; };
		7A7DD098426D67446D3698D3 /* QRZLogbookService.swift in Sources */ = {isa = PBXBuildFile; fileRef = 0C1296CEF3FA1AD3680E5651 /* QRZLogbookService.swift */; };
		838DD3D8FFED652ED234EE6A /* SOTACatServiceTests.swift in Sources */ = {isa = PBXBuildFile; fileRef = 2FA9B1B69B1C0711EA859FD8 /* SOTACatServiceTests.swift */; };
		8839C0882368ED3B91498F24 /* StringExtensionTests.swift in Sources */ = {isa = PBXBuildFile; fileRef = 84FE30192C3B58D6BDFC7F5E /* StringExtensionTests.swift */; };
		8AB642C357671EA021F0D7CC /* QRZSyncViewModel.swift in Sources */ = {isa = PBXBuildFile; fileRef = 025CBED62E6E2183E9969582 /* QRZSyncViewModel.swift */; };
		8AFA61AA74B703F11030D122 /* QRZSyncView.swift in Sources */ = {isa = PBXBuildFile; fileRef = 8565B3F633C46D7384840515 /* QRZSyncView.swift */; };
		8B979EC6276A289632381758 /* QSOEntryViewModel.swift in Sources */ = {isa = PBXBuildFile; fileRef = 198CBF372D767E958E39A757 /* QSOEntryViewModel.swift */; };
		8E4D9FD8CDAE61892F2CD7F8 /* LogListViewModel.swift in Sources */ = {isa = PBXBuildFile; fileRef = 79C3A7A1D869D180650E6AC7 /* LogListViewModel.swift */; };
		8F3BFE554FC626591A9E5BE0 /* QSOEntryView.swift in Sources */ = {isa = PBXBuildFile; fileRef = 6F83E887E0D5EBBC43367D8C /* QSOEntryView.swift */; };
		901174E5C272C58A939933CB /* Assets.xcassets in Resources */ = {isa = PBXBuildFile; fileRef = 2109A78A0125A9C5642F3983 /* Assets.xcassets */; };
		967EAEA58A46C0C22DB21533 /* NewLogViewModel.swift in Sources */ = {isa = PBXBuildFile; fileRef = 3B334E220D0F01E18FE2A918 /* NewLogViewModel.swift */; };
		9A78CD351C544206476BC57E /* SpotsViewModelTests.swift in Sources */ = {isa = PBXBuildFile; fileRef = 7F10CE560B1CC278BF354031 /* SpotsViewModelTests.swift */; };
		9E9653E9C8C93A1061C5CE62 /* CallsignField.swift in Sources */ = {isa = PBXBuildFile; fileRef = FF57CB92C22800727995AF0F /* CallsignField.swift */; };
		9F4B8A91AC4EBD14CA2FEC23 /* ReferenceDownloadRow.swift in Sources */ = {isa = PBXBuildFile; fileRef = 60642B7DA833062F673FEDAE /* ReferenceDownloadRow.swift */; };
		A18331906A4110FD6FFC56AF /* CallsignHistoryRepository.swift in Sources */ = {isa = PBXBuildFile; fileRef = 875D8FD75A8FB9B08FED76DE /* CallsignHistoryRepository.swift */; };
		A49DEA6B8D1F9048D531E8AC /* CallPrefixes.json in Resources */ = {isa = PBXBuildFile; fileRef = A994A9FFD8DB698FB83594C6 /* CallPrefixes.json */; };
		A600AFC63E0367C8F477ABFB /* CallsignHistory.swift in Sources */ = {isa = PBXBuildFile; fileRef = 164D78E44F1B4610746D0EB2 /* CallsignHistory.swift */; };
		A684A51F9F06A7556CFB5AB6 /* SOTACatService.swift in Sources */ = {isa = PBXBuildFile; fileRef = EE2F5A59D839F5D819E31B26 /* SOTACatService.swift */; };
		A6C44D5177C39B3F1BD49913 /* QSORowView.swift in Sources */ = {isa = PBXBuildFile; fileRef = 088CF8DBD47D7CEAF5CF5312 /* QSORowView.swift */; };
		A77AB34C46CD00E43FBA46C6 /* ModelTests.swift in Sources */ = {isa = PBXBuildFile; fileRef = 6CA096156392CCD06D0FB2C5 /* ModelTests.swift */; };
		A8CB0DAAB739D05D117B3A5A /* ActiveLogViewModel.swift in Sources */ = {isa = PBXBuildFile; fileRef = CCA2EBE31C6CAA6F5A8528C8 /* ActiveLogViewModel.swift */; };
		AAABF9BA83ADE653CF017EC7 /* QSO.swift in Sources */ = {isa = PBXBuildFile; fileRef = 31B1B64937D68958149905B2 /* QSO.swift */; };
		AE53733E852711B4E0059A85 /* CSVParsingTests.swift in Sources */ = {isa = PBXBuildFile; fileRef = A31F58CCDFB797133F575C46 /* CSVParsingTests.swift */; };
		BA30BA6E3CB871D12CDA4132 /* ReferenceManagerView.swift in Sources */ = {isa = PBXBuildFile; fileRef = 3FBBE0CB7554257A2C3C7FDE /* ReferenceManagerView.swift */; };
		BC20F12B0EED78EEF0AD3F43 /* SpotRowView.swift in Sources */ = {isa = PBXBuildFile; fileRef = C0DE0F435B6A3BB43CEB6E9F /* SpotRowView.swift */; };
		C0D32487F86B08323771A99A /* QSOEntryViewModelTests.swift in Sources */ = {isa = PBXBuildFile; fileRef = 19AE2C7FED08C032565C93F1 /* QSOEntryViewModelTests.swift */; };
		C15F6B2CB4B834242B99B84E /* NearbyReferenceTests.swift in Sources */ = {isa = PBXBuildFile; fileRef = A24231F8321730BE090BC35B /* NearbyReferenceTests.swift */; };
		C2C0C1CD6F75EB9456C59693 /* SpotRouter.swift in Sources */ = {isa = PBXBuildFile; fileRef = D2D4A497BD7549AF647F5D06 /* SpotRouter.swift */; };
		C4F96E00ED134810334A6103 /* SOTASpotService.swift in Sources */ = {isa = PBXBuildFile; fileRef = 65B3EF2E3945E205EAF225D9 /* SOTASpotService.swift */; };
		CB3E1605EE63AB5BE834B6C0 /* GRDB in Frameworks */ = {isa = PBXBuildFile; productRef = 03577E747453328E267999F9 /* GRDB */; };
		CBDB7E0EEA6E95B74927AB0A /* CWMacroEditView.swift in Sources */ = {isa = PBXBuildFile; fileRef = 84ED1B3BE9897BC515875BED /* CWMacroEditView.swift */; };
		CD80AE501E985AD141BBB10E /* SyncImporter.swift in Sources */ = {isa = PBXBuildFile; fileRef = 6C22A046CF44BBDDF61029B0 /* SyncImporter.swift */; };
		CDF1399DF8523800A29E56A6 /* SOTALogApp.swift in Sources */ = {isa = PBXBuildFile; fileRef = 4F19C56AAA3C51D233A4CF61 /* SOTALogApp.swift */; };
		D10D4A809BAF7BAE0D6F7196 /* String+Callsign.swift in Sources */ = {isa = PBXBuildFile; fileRef = CE11D3EC8DB1BFC6C897E8BB /* String+Callsign.swift */; };
		D67D8D836A41E7D0E0F4B210 /* LogRowView.swift in Sources */ = {isa = PBXBuildFile; fileRef = BA205F670A369ACA17F15964 /* LogRowView.swift */; };
		D7F9C5CFC658F974C03EB0BC /* POTAPark.swift in Sources */ = {isa = PBXBuildFile; fileRef = 3220DADE46BD3E468F965B4B /* POTAPark.swift */; };
		DA623435E356222EB697AB3A /* Spot.swift in Sources */ = {isa = PBXBuildFile; fileRef = 65F47BB11F7B3A59DD4E0DAF /* Spot.swift */; };
		E42F491C91E5F3B637C387F4 /* CallsignPrefixResolver.swift in Sources */ = {isa = PBXBuildFile; fileRef = AD310A8C6A43BFF4883C3707 /* CallsignPrefixResolver.swift */; };
		E56CB67EB62F1F699C01AD5E /* MaidenheadConverter.swift in Sources */ = {isa = PBXBuildFile; fileRef = 464F722351D19F7CE9BB99C0 /* MaidenheadConverter.swift */; };
		E70611B1F61E9DE4FED3F323 /* CWMacroRepository.swift in Sources */ = {isa = PBXBuildFile; fileRef = 3DA72D5DE87994B519B1BBAC /* CWMacroRepository.swift */; };
		E8E4D588292B38EB7CA00456 /* QSORepository.swift in Sources */ = {isa = PBXBuildFile; fileRef = D5062A6D3908A213D88346E8 /* QSORepository.swift */; };
		EE9015DC4FE5CB76385617E8 /* QRZXMLService.swift in Sources */ = {isa = PBXBuildFile; fileRef = 982E2AD75660266C979D8FCD /* QRZXMLService.swift */; };
		F41EC452D9247C3DB62C06BE /* ReferenceMetadata.swift in Sources */ = {isa = PBXBuildFile; fileRef = 8157582BD387BF9057B364B3 /* ReferenceMetadata.swift */; };
		F6F9517437918064EA846153 /* POTAParkService.swift in Sources */ = {isa = PBXBuildFile; fileRef = 6C198756DB82EFF308D1D1BA /* POTAParkService.swift */; };
		F8A5F92B2A2F332BCD35396B /* QRZLoginView.swift in Sources */ = {isa = PBXBuildFile; fileRef = 2147B1EE2BF76717A81C2A73 /* QRZLoginView.swift */; };
		F9A163C85E0D507B5856973F /* ActivationStatusView.swift in Sources */ = {isa = PBXBuildFile; fileRef = F862FE197B64B0016382DF6A /* ActivationStatusView.swift */; };
		FAD96ADA7A6857A262B171C7 /* SOTASummitService.swift in Sources */ = {isa = PBXBuildFile; fileRef = 4C5DC27A55D0CC129F37F4D7 /* SOTASummitService.swift */; };
		FF081D0BDBFFE24D75C80382 /* ContentView.swift in Sources */ = {isa = PBXBuildFile; fileRef = E83DD32511D2B22A66A3A468 /* ContentView.swift */; };
/* End PBXBuildFile section */

/* Begin PBXContainerItemProxy section */
		FA2698AAAECCDE842C85B6F8 /* PBXContainerItemProxy */ = {
			isa = PBXContainerItemProxy;
			containerPortal = E4A78A632CDC8D64AFF28AB7 /* Project object */;
			proxyType = 1;
			remoteGlobalIDString = 45AD5D50670E399CA69836DF;
			remoteInfo = SOTALog;
		};
/* End PBXContainerItemProxy section */

/* Begin PBXFileReference section */
		0056E2A70BE433214C4B7C0A /* RepositoryTests.swift */ = {isa = PBXFileReference; lastKnownFileType = sourcecode.swift; path = RepositoryTests.swift; sourceTree = "<group>"; };
		025CBED62E6E2183E9969582 /* QRZSyncViewModel.swift */ = {isa = PBXFileReference; lastKnownFileType = sourcecode.swift; path = QRZSyncViewModel.swift; sourceTree = "<group>"; };
		088CF8DBD47D7CEAF5CF5312 /* QSORowView.swift */ = {isa = PBXFileReference; lastKnownFileType = sourcecode.swift; path = QSORowView.swift; sourceTree = "<group>"; };
		0C1296CEF3FA1AD3680E5651 /* QRZLogbookService.swift */ = {isa = PBXFileReference; lastKnownFileType = sourcecode.swift; path = QRZLogbookService.swift; sourceTree = "<group>"; };
		1164680FD822CB549FBF2785 /* AppDatabase.swift */ = {isa = PBXFileReference; lastKnownFileType = sourcecode.swift; path = AppDatabase.swift; sourceTree = "<group>"; };
		1282C3A8871D73E842E74FBB /* NumberKeyRow.swift */ = {isa = PBXFileReference; lastKnownFileType = sourcecode.swift; path = NumberKeyRow.swift; sourceTree = "<group>"; };
		164D78E44F1B4610746D0EB2 /* CallsignHistory.swift */ = {isa = PBXFileReference; lastKnownFileType = sourcecode.swift; path = CallsignHistory.swift; sourceTree = "<group>"; };
		190E13792453F4C7A4C179CF /* LocationService.swift */ = {isa = PBXFileReference; lastKnownFileType = sourcecode.swift; path = LocationService.swift; sourceTree = "<group>"; };
		198CBF372D767E958E39A757 /* QSOEntryViewModel.swift */ = {isa = PBXFileReference; lastKnownFileType = sourcecode.swift; path = QSOEntryViewModel.swift; sourceTree = "<group>"; };
		19AE2C7FED08C032565C93F1 /* QSOEntryViewModelTests.swift */ = {isa = PBXFileReference; lastKnownFileType = sourcecode.swift; path = QSOEntryViewModelTests.swift; sourceTree = "<group>"; };
		2109A78A0125A9C5642F3983 /* Assets.xcassets */ = {isa = PBXFileReference; lastKnownFileType = folder.assetcatalog; path = Assets.xcassets; sourceTree = "<group>"; };
		2147B1EE2BF76717A81C2A73 /* QRZLoginView.swift */ = {isa = PBXFileReference; lastKnownFileType = sourcecode.swift; path = QRZLoginView.swift; sourceTree = "<group>"; };
		2220B6EA473F41D18C821368 /* MetadataStrip.swift */ = {isa = PBXFileReference; lastKnownFileType = sourcecode.swift; path = MetadataStrip.swift; sourceTree = "<group>"; };
		26180B1539A33ED3751C8038 /* LogRepository.swift */ = {isa = PBXFileReference; lastKnownFileType = sourcecode.swift; path = LogRepository.swift; sourceTree = "<group>"; };
		276873C316FE8259B1240F70 /* Date+Formatting.swift */ = {isa = PBXFileReference; lastKnownFileType = sourcecode.swift; path = "Date+Formatting.swift"; sourceTree = "<group>"; };
		2A082D27F6F1343A8E4B9B8C /* LogListView.swift */ = {isa = PBXFileReference; lastKnownFileType = sourcecode.swift; path = LogListView.swift; sourceTree = "<group>"; };
		2A331D02B76CE4173607C5D1 /* SOTALogTests.xctest */ = {isa = PBXFileReference; includeInIndex = 0; lastKnownFileType = wrapper.cfbundle; path = SOTALogTests.xctest; sourceTree = BUILT_PRODUCTS_DIR; };
		2B1300F1FD26FE79A48BFE94 /* BandPlan.swift */ = {isa = PBXFileReference; lastKnownFileType = sourcecode.swift; path = BandPlan.swift; sourceTree = "<group>"; };
		2F0497472283AB4B46B4C108 /* Log.swift */ = {isa = PBXFileReference; lastKnownFileType = sourcecode.swift; path = Log.swift; sourceTree = "<group>"; };
		2FA9B1B69B1C0711EA859FD8 /* SOTACatServiceTests.swift */ = {isa = PBXFileReference; lastKnownFileType = sourcecode.swift; path = SOTACatServiceTests.swift; sourceTree = "<group>"; };
		31B1B64937D68958149905B2 /* QSO.swift */ = {isa = PBXFileReference; lastKnownFileType = sourcecode.swift; path = QSO.swift; sourceTree = "<group>"; };
		3220DADE46BD3E468F965B4B /* POTAPark.swift */ = {isa = PBXFileReference; lastKnownFileType = sourcecode.swift; path = POTAPark.swift; sourceTree = "<group>"; };
		39BE3F3C3C986C1EEF0DF930 /* SOTALogTests.swift */ = {isa = PBXFileReference; lastKnownFileType = sourcecode.swift; path = SOTALogTests.swift; sourceTree = "<group>"; };
		3B2337EDDD9E8DA078C7E207 /* SOTALog.app */ = {isa = PBXFileReference; includeInIndex = 0; lastKnownFileType = wrapper.application; path = SOTALog.app; sourceTree = BUILT_PRODUCTS_DIR; };
		3B334E220D0F01E18FE2A918 /* NewLogViewModel.swift */ = {isa = PBXFileReference; lastKnownFileType = sourcecode.swift; path = NewLogViewModel.swift; sourceTree = "<group>"; };
		3DA72D5DE87994B519B1BBAC /* CWMacroRepository.swift */ = {isa = PBXFileReference; lastKnownFileType = sourcecode.swift; path = CWMacroRepository.swift; sourceTree = "<group>"; };
		3FBBE0CB7554257A2C3C7FDE /* ReferenceManagerView.swift */ = {isa = PBXFileReference; lastKnownFileType = sourcecode.swift; path = ReferenceManagerView.swift; sourceTree = "<group>"; };
		436A3CAC8A64BCC306950B62 /* SpotModelTests.swift */ = {isa = PBXFileReference; lastKnownFileType = sourcecode.swift; path = SpotModelTests.swift; sourceTree = "<group>"; };
		43EC7F7B0ACA429D66488273 /* NewLogView.swift */ = {isa = PBXFileReference; lastKnownFileType = sourcecode.swift; path = NewLogView.swift; sourceTree = "<group>"; };
		44D38D90E827F671EA1FEDB8 /* ActiveLogView.swift */ = {isa = PBXFileReference; lastKnownFileType = sourcecode.swift; path = ActiveLogView.swift; sourceTree = "<group>"; };
		464F722351D19F7CE9BB99C0 /* MaidenheadConverter.swift */ = {isa = PBXFileReference; lastKnownFileType = sourcecode.swift; path = MaidenheadConverter.swift; sourceTree = "<group>"; };
		4C5DC27A55D0CC129F37F4D7 /* SOTASummitService.swift */ = {isa = PBXFileReference; lastKnownFileType = sourcecode.swift; path = SOTASummitService.swift; sourceTree = "<group>"; };
		4F19C56AAA3C51D233A4CF61 /* SOTALogApp.swift */ = {isa = PBXFileReference; lastKnownFileType = sourcecode.swift; path = SOTALogApp.swift; sourceTree = "<group>"; };
		4FFFE824425D0301F2528068 /* POTALocationService.swift */ = {isa = PBXFileReference; lastKnownFileType = sourcecode.swift; path = POTALocationService.swift; sourceTree = "<group>"; };
		60642B7DA833062F673FEDAE /* ReferenceDownloadRow.swift */ = {isa = PBXFileReference; lastKnownFileType = sourcecode.swift; path = ReferenceDownloadRow.swift; sourceTree = "<group>"; };
		61F2B5A1956F8C52800ED824 /* CWMacro.swift */ = {isa = PBXFileReference; lastKnownFileType = sourcecode.swift; path = CWMacro.swift; sourceTree = "<group>"; };
		65B3EF2E3945E205EAF225D9 /* SOTASpotService.swift */ = {isa = PBXFileReference; lastKnownFileType = sourcecode.swift; path = SOTASpotService.swift; sourceTree = "<group>"; };
		65F47BB11F7B3A59DD4E0DAF /* Spot.swift */ = {isa = PBXFileReference; lastKnownFileType = sourcecode.swift; path = Spot.swift; sourceTree = "<group>"; };
		6C198756DB82EFF308D1D1BA /* POTAParkService.swift */ = {isa = PBXFileReference; lastKnownFileType = sourcecode.swift; path = POTAParkService.swift; sourceTree = "<group>"; };
		6C22A046CF44BBDDF61029B0 /* SyncImporter.swift */ = {isa = PBXFileReference; lastKnownFileType = sourcecode.swift; path = SyncImporter.swift; sourceTree = "<group>"; };
		6CA096156392CCD06D0FB2C5 /* ModelTests.swift */ = {isa = PBXFileReference; lastKnownFileType = sourcecode.swift; path = ModelTests.swift; sourceTree = "<group>"; };
		6F83E887E0D5EBBC43367D8C /* QSOEntryView.swift */ = {isa = PBXFileReference; lastKnownFileType = sourcecode.swift; path = QSOEntryView.swift; sourceTree = "<group>"; };
		718654C55006EE5A73C89843 /* SpotsViewModel.swift */ = {isa = PBXFileReference; lastKnownFileType = sourcecode.swift; path = SpotsViewModel.swift; sourceTree = "<group>"; };
		79C3A7A1D869D180650E6AC7 /* LogListViewModel.swift */ = {isa = PBXFileReference; lastKnownFileType = sourcecode.swift; path = LogListViewModel.swift; sourceTree = "<group>"; };
		7A9B553EAF1B3DA6CB45CCAD /* Info.plist */ = {isa = PBXFileReference; lastKnownFileType = text.plist; path = Info.plist; sourceTree = "<group>"; };
		7F10CE560B1CC278BF354031 /* SpotsViewModelTests.swift */ = {isa = PBXFileReference; lastKnownFileType = sourcecode.swift; path = SpotsViewModelTests.swift; sourceTree = "<group>"; };
		813299ED126BB9D2F6A717D2 /* OmniFieldParser.swift */ = {isa = PBXFileReference; lastKnownFileType = sourcecode.swift; path = OmniFieldParser.swift; sourceTree = "<group>"; };
		8157582BD387BF9057B364B3 /* ReferenceMetadata.swift */ = {isa = PBXFileReference; lastKnownFileType = sourcecode.swift; path = ReferenceMetadata.swift; sourceTree = "<group>"; };
		84ED1B3BE9897BC515875BED /* CWMacroEditView.swift */ = {isa = PBXFileReference; lastKnownFileType = sourcecode.swift; path = CWMacroEditView.swift; sourceTree = "<group>"; };
		84FE30192C3B58D6BDFC7F5E /* StringExtensionTests.swift */ = {isa = PBXFileReference; lastKnownFileType = sourcecode.swift; path = StringExtensionTests.swift; sourceTree = "<group>"; };
		8565B3F633C46D7384840515 /* QRZSyncView.swift */ = {isa = PBXFileReference; lastKnownFileType = sourcecode.swift; path = QRZSyncView.swift; sourceTree = "<group>"; };
		8686E8508B8D387AF8BC1B16 /* TestHelpers.swift */ = {isa = PBXFileReference; lastKnownFileType = sourcecode.swift; path = TestHelpers.swift; sourceTree = "<group>"; };
		875D8FD75A8FB9B08FED76DE /* CallsignHistoryRepository.swift */ = {isa = PBXFileReference; lastKnownFileType = sourcecode.swift; path = CallsignHistoryRepository.swift; sourceTree = "<group>"; };
		95AAE0D74F408623C91894A5 /* Font+App.swift */ = {isa = PBXFileReference; lastKnownFileType = sourcecode.swift; path = "Font+App.swift"; sourceTree = "<group>"; };
		982E2AD75660266C979D8FCD /* QRZXMLService.swift */ = {isa = PBXFileReference; lastKnownFileType = sourcecode.swift; path = QRZXMLService.swift; sourceTree = "<group>"; };
		9B1E56F233DBEBBA1F87E4E2 /* SOTASummit.swift */ = {isa = PBXFileReference; lastKnownFileType = sourcecode.swift; path = SOTASummit.swift; sourceTree = "<group>"; };
		9D2F2785E6F2AC0E491F2F08 /* POTASpotService.swift */ = {isa = PBXFileReference; lastKnownFileType = sourcecode.swift; path = POTASpotService.swift; sourceTree = "<group>"; };
		A1EFB5E0766D441B59BDE42C /* QRZCallsignResult.swift */ = {isa = PBXFileReference; lastKnownFileType = sourcecode.swift; path = QRZCallsignResult.swift; sourceTree = "<group>"; };
		A24231F8321730BE090BC35B /* NearbyReferenceTests.swift */ = {isa = PBXFileReference; lastKnownFileType = sourcecode.swift; path = NearbyReferenceTests.swift; sourceTree = "<group>"; };
		A31F58CCDFB797133F575C46 /* CSVParsingTests.swift */ = {isa = PBXFileReference; lastKnownFileType = sourcecode.swift; path = CSVParsingTests.swift; sourceTree = "<group>"; };
		A4266BF0A296CC64D2A95BE5 /* AppLog.swift */ = {isa = PBXFileReference; lastKnownFileType = sourcecode.swift; path = AppLog.swift; sourceTree = "<group>"; };
		A5E4CDFB3B9728E8D013069E /* KeychainService.swift */ = {isa = PBXFileReference; lastKnownFileType = sourcecode.swift; path = KeychainService.swift; sourceTree = "<group>"; };
		A994A9FFD8DB698FB83594C6 /* CallPrefixes.json */ = {isa = PBXFileReference; lastKnownFileType = text.json; path = CallPrefixes.json; sourceTree = "<group>"; };
		AD310A8C6A43BFF4883C3707 /* CallsignPrefixResolver.swift */ = {isa = PBXFileReference; lastKnownFileType = sourcecode.swift; path = CallsignPrefixResolver.swift; sourceTree = "<group>"; };
		B473BAD0C0F22955E4DBFFFB /* QRZLookupService.swift */ = {isa = PBXFileReference; lastKnownFileType = sourcecode.swift; path = QRZLookupService.swift; sourceTree = "<group>"; };
		BA205F670A369ACA17F15964 /* LogRowView.swift */ = {isa = PBXFileReference; lastKnownFileType = sourcecode.swift; path = LogRowView.swift; sourceTree = "<group>"; };
		BDF114F61B75D161494B7051 /* View+AppStyle.swift */ = {isa = PBXFileReference; lastKnownFileType = sourcecode.swift; path = "View+AppStyle.swift"; sourceTree = "<group>"; };
		C0DE0F435B6A3BB43CEB6E9F /* SpotRowView.swift */ = {isa = PBXFileReference; lastKnownFileType = sourcecode.swift; path = SpotRowView.swift; sourceTree = "<group>"; };
		C1D9EAAEFE88C5722AEB3DDF /* ADIFFormatter.swift */ = {isa = PBXFileReference; lastKnownFileType = sourcecode.swift; path = ADIFFormatter.swift; sourceTree = "<group>"; };
		C2DF5C7C156080F640454DB2 /* DateFormattingTests.swift */ = {isa = PBXFileReference; lastKnownFileType = sourcecode.swift; path = DateFormattingTests.swift; sourceTree = "<group>"; };
		CCA2EBE31C6CAA6F5A8528C8 /* ActiveLogViewModel.swift */ = {isa = PBXFileReference; lastKnownFileType = sourcecode.swift; path = ActiveLogViewModel.swift; sourceTree = "<group>"; };
		CE11D3EC8DB1BFC6C897E8BB /* String+Callsign.swift */ = {isa = PBXFileReference; lastKnownFileType = sourcecode.swift; path = "String+Callsign.swift"; sourceTree = "<group>"; };
		CF8ED67BB72312D9F93285DC /* SpotsSheetView.swift */ = {isa = PBXFileReference; lastKnownFileType = sourcecode.swift; path = SpotsSheetView.swift; sourceTree = "<group>"; };
		D2D4A497BD7549AF647F5D06 /* SpotRouter.swift */ = {isa = PBXFileReference; lastKnownFileType = sourcecode.swift; path = SpotRouter.swift; sourceTree = "<group>"; };
		D5062A6D3908A213D88346E8 /* QSORepository.swift */ = {isa = PBXFileReference; lastKnownFileType = sourcecode.swift; path = QSORepository.swift; sourceTree = "<group>"; };
		D5E66F550ED47884F3A91479 /* Color+App.swift */ = {isa = PBXFileReference; lastKnownFileType = sourcecode.swift; path = "Color+App.swift"; sourceTree = "<group>"; };
		E18198C59474BB2FEA4A1510 /* View+iOS.swift */ = {isa = PBXFileReference; lastKnownFileType = sourcecode.swift; path = "View+iOS.swift"; sourceTree = "<group>"; };
		E509603AB3965292400E7ECB /* ReferenceRepository.swift */ = {isa = PBXFileReference; lastKnownFileType = sourcecode.swift; path = ReferenceRepository.swift; sourceTree = "<group>"; };
		E83DD32511D2B22A66A3A468 /* ContentView.swift */ = {isa = PBXFileReference; lastKnownFileType = sourcecode.swift; path = ContentView.swift; sourceTree = "<group>"; };
		EE2F5A59D839F5D819E31B26 /* SOTACatService.swift */ = {isa = PBXFileReference; lastKnownFileType = sourcecode.swift; path = SOTACatService.swift; sourceTree = "<group>"; };
		F759C6D173DACA136AB14AE1 /* SyncImporterTests.swift */ = {isa = PBXFileReference; lastKnownFileType = sourcecode.swift; path = SyncImporterTests.swift; sourceTree = "<group>"; };
		F862FE197B64B0016382DF6A /* ActivationStatusView.swift */ = {isa = PBXFileReference; lastKnownFileType = sourcecode.swift; path = ActivationStatusView.swift; sourceTree = "<group>"; };
		FF57CB92C22800727995AF0F /* CallsignField.swift */ = {isa = PBXFileReference; lastKnownFileType = sourcecode.swift; path = CallsignField.swift; sourceTree = "<group>"; };
/* End PBXFileReference section */

/* Begin PBXFrameworksBuildPhase section */
		112B101BCAF7ED155BF3B568 /* Frameworks */ = {
			isa = PBXFrameworksBuildPhase;
			buildActionMask = 2147483647;
			files = (
				5C113C4422B91075E740F7CA /* GRDB in Frameworks */,
			);
			runOnlyForDeploymentPostprocessing = 0;
		};
		AAB3B935DCFD217548B2A774 /* Frameworks */ = {
			isa = PBXFrameworksBuildPhase;
			buildActionMask = 2147483647;
			files = (
				CB3E1605EE63AB5BE834B6C0 /* GRDB in Frameworks */,
			);
			runOnlyForDeploymentPostprocessing = 0;
		};
/* End PBXFrameworksBuildPhase section */

/* Begin PBXGroup section */
		022484EE8B27F8D1D8C1B529 /* ActiveLog */ = {
			isa = PBXGroup;
			children = (
				44D38D90E827F671EA1FEDB8 /* ActiveLogView.swift */,
				6F83E887E0D5EBBC43367D8C /* QSOEntryView.swift */,
				088CF8DBD47D7CEAF5CF5312 /* QSORowView.swift */,
			);
			path = ActiveLog;
			sourceTree = "<group>";
		};
		21979BB866B69D990ADAA34D /* Products */ = {
			isa = PBXGroup;
			children = (
				3B2337EDDD9E8DA078C7E207 /* SOTALog.app */,
				2A331D02B76CE4173607C5D1 /* SOTALogTests.xctest */,
			);
			name = Products;
			sourceTree = "<group>";
		};
		24D601A53533557291012EC2 /* Network */ = {
			isa = PBXGroup;
			children = (
				4FFFE824425D0301F2528068 /* POTALocationService.swift */,
				6C198756DB82EFF308D1D1BA /* POTAParkService.swift */,
				9D2F2785E6F2AC0E491F2F08 /* POTASpotService.swift */,
				0C1296CEF3FA1AD3680E5651 /* QRZLogbookService.swift */,
				B473BAD0C0F22955E4DBFFFB /* QRZLookupService.swift */,
				982E2AD75660266C979D8FCD /* QRZXMLService.swift */,
				EE2F5A59D839F5D819E31B26 /* SOTACatService.swift */,
				65B3EF2E3945E205EAF225D9 /* SOTASpotService.swift */,
				4C5DC27A55D0CC129F37F4D7 /* SOTASummitService.swift */,
			);
			path = Network;
			sourceTree = "<group>";
		};
		369E8032ED1D29A9C128803F /* Sync */ = {
			isa = PBXGroup;
			children = (
				2147B1EE2BF76717A81C2A73 /* QRZLoginView.swift */,
				8565B3F633C46D7384840515 /* QRZSyncView.swift */,
				3FBBE0CB7554257A2C3C7FDE /* ReferenceManagerView.swift */,
			);
			path = Sync;
			sourceTree = "<group>";
		};
		4DAD2120A68337E7C367C7DC /* Database */ = {
			isa = PBXGroup;
			children = (
				875D8FD75A8FB9B08FED76DE /* CallsignHistoryRepository.swift */,
				3DA72D5DE87994B519B1BBAC /* CWMacroRepository.swift */,
				26180B1539A33ED3751C8038 /* LogRepository.swift */,
				D5062A6D3908A213D88346E8 /* QSORepository.swift */,
				E509603AB3965292400E7ECB /* ReferenceRepository.swift */,
				6C22A046CF44BBDDF61029B0 /* SyncImporter.swift */,
			);
			path = Database;
			sourceTree = "<group>";
		};
		4EAF27DC1DC7B60DF724CA81 /* Components */ = {
			isa = PBXGroup;
			children = (
				F862FE197B64B0016382DF6A /* ActivationStatusView.swift */,
				FF57CB92C22800727995AF0F /* CallsignField.swift */,
				84ED1B3BE9897BC515875BED /* CWMacroEditView.swift */,
				2220B6EA473F41D18C821368 /* MetadataStrip.swift */,
				1282C3A8871D73E842E74FBB /* NumberKeyRow.swift */,
				60642B7DA833062F673FEDAE /* ReferenceDownloadRow.swift */,
			);
			path = Components;
			sourceTree = "<group>";
		};
		6166705BC66E2FBE26A57231 /* LogList */ = {
			isa = PBXGroup;
			children = (
				2A082D27F6F1343A8E4B9B8C /* LogListView.swift */,
				BA205F670A369ACA17F15964 /* LogRowView.swift */,
			);
			path = LogList;
			sourceTree = "<group>";
		};
		6A88774E763827D06B900E2B /* SOTALogTests */ = {
			isa = PBXGroup;
			children = (
				A31F58CCDFB797133F575C46 /* CSVParsingTests.swift */,
				C2DF5C7C156080F640454DB2 /* DateFormattingTests.swift */,
				6CA096156392CCD06D0FB2C5 /* ModelTests.swift */,
				A24231F8321730BE090BC35B /* NearbyReferenceTests.swift */,
				19AE2C7FED08C032565C93F1 /* QSOEntryViewModelTests.swift */,
				0056E2A70BE433214C4B7C0A /* RepositoryTests.swift */,
				2FA9B1B69B1C0711EA859FD8 /* SOTACatServiceTests.swift */,
				39BE3F3C3C986C1EEF0DF930 /* SOTALogTests.swift */,
				436A3CAC8A64BCC306950B62 /* SpotModelTests.swift */,
				7F10CE560B1CC278BF354031 /* SpotsViewModelTests.swift */,
				84FE30192C3B58D6BDFC7F5E /* StringExtensionTests.swift */,
				F759C6D173DACA136AB14AE1 /* SyncImporterTests.swift */,
				8686E8508B8D387AF8BC1B16 /* TestHelpers.swift */,
			);
			path = SOTALogTests;
			sourceTree = "<group>";
		};
		832CFB7B61B056DA0E052A19 /* Spots */ = {
			isa = PBXGroup;
			children = (
				C0DE0F435B6A3BB43CEB6E9F /* SpotRowView.swift */,
				CF8ED67BB72312D9F93285DC /* SpotsSheetView.swift */,
			);
			path = Spots;
			sourceTree = "<group>";
		};
		879CCCBC8D7BD9BB7030F85D /* App */ = {
			isa = PBXGroup;
			children = (
				1164680FD822CB549FBF2785 /* AppDatabase.swift */,
				A4266BF0A296CC64D2A95BE5 /* AppLog.swift */,
				4F19C56AAA3C51D233A4CF61 /* SOTALogApp.swift */,
			);
			path = App;
			sourceTree = "<group>";
		};
		9AE59422802E02146BE7EE0A /* Services */ = {
			isa = PBXGroup;
			children = (
				C1D9EAAEFE88C5722AEB3DDF /* ADIFFormatter.swift */,
				2B1300F1FD26FE79A48BFE94 /* BandPlan.swift */,
				AD310A8C6A43BFF4883C3707 /* CallsignPrefixResolver.swift */,
				A5E4CDFB3B9728E8D013069E /* KeychainService.swift */,
				190E13792453F4C7A4C179CF /* LocationService.swift */,
				464F722351D19F7CE9BB99C0 /* MaidenheadConverter.swift */,
				813299ED126BB9D2F6A717D2 /* OmniFieldParser.swift */,
				4DAD2120A68337E7C367C7DC /* Database */,
				24D601A53533557291012EC2 /* Network */,
			);
			path = Services;
			sourceTree = "<group>";
		};
		AE1D9A513B85F47CE0A17020 /* Views */ = {
			isa = PBXGroup;
			children = (
				E83DD32511D2B22A66A3A468 /* ContentView.swift */,
				022484EE8B27F8D1D8C1B529 /* ActiveLog */,
				4EAF27DC1DC7B60DF724CA81 /* Components */,
				6166705BC66E2FBE26A57231 /* LogList */,
				BB6906A5687BF5F7DA28111F /* NewLog */,
				832CFB7B61B056DA0E052A19 /* Spots */,
				369E8032ED1D29A9C128803F /* Sync */,
			);
			path = Views;
			sourceTree = "<group>";
		};
		B8741AD147C620BB73E95F93 /* Models */ = {
			isa = PBXGroup;
			children = (
				164D78E44F1B4610746D0EB2 /* CallsignHistory.swift */,
				61F2B5A1956F8C52800ED824 /* CWMacro.swift */,
				2F0497472283AB4B46B4C108 /* Log.swift */,
				3220DADE46BD3E468F965B4B /* POTAPark.swift */,
				A1EFB5E0766D441B59BDE42C /* QRZCallsignResult.swift */,
				31B1B64937D68958149905B2 /* QSO.swift */,
				8157582BD387BF9057B364B3 /* ReferenceMetadata.swift */,
				9B1E56F233DBEBBA1F87E4E2 /* SOTASummit.swift */,
				65F47BB11F7B3A59DD4E0DAF /* Spot.swift */,
				D2D4A497BD7549AF647F5D06 /* SpotRouter.swift */,
			);
			path = Models;
			sourceTree = "<group>";
		};
		BB6906A5687BF5F7DA28111F /* NewLog */ = {
			isa = PBXGroup;
			children = (
				43EC7F7B0ACA429D66488273 /* NewLogView.swift */,
			);
			path = NewLog;
			sourceTree = "<group>";
		};
		C1265DF81D7BBCB678A4C38C /* ViewModels */ = {
			isa = PBXGroup;
			children = (
				CCA2EBE31C6CAA6F5A8528C8 /* ActiveLogViewModel.swift */,
				79C3A7A1D869D180650E6AC7 /* LogListViewModel.swift */,
				3B334E220D0F01E18FE2A918 /* NewLogViewModel.swift */,
				025CBED62E6E2183E9969582 /* QRZSyncViewModel.swift */,
				198CBF372D767E958E39A757 /* QSOEntryViewModel.swift */,
				718654C55006EE5A73C89843 /* SpotsViewModel.swift */,
			);
			path = ViewModels;
			sourceTree = "<group>";
		};
		DC6B0749337EE220EC25B8FD = {
			isa = PBXGroup;
			children = (
				F28874EB7B3B8BEF9DE9CCA2 /* SOTALog */,
				6A88774E763827D06B900E2B /* SOTALogTests */,
				21979BB866B69D990ADAA34D /* Products */,
			);
			sourceTree = "<group>";
		};
		F04FE33C498835E77F0B151D /* Extensions */ = {
			isa = PBXGroup;
			children = (
				D5E66F550ED47884F3A91479 /* Color+App.swift */,
				276873C316FE8259B1240F70 /* Date+Formatting.swift */,
				95AAE0D74F408623C91894A5 /* Font+App.swift */,
				CE11D3EC8DB1BFC6C897E8BB /* String+Callsign.swift */,
				BDF114F61B75D161494B7051 /* View+AppStyle.swift */,
				E18198C59474BB2FEA4A1510 /* View+iOS.swift */,
			);
			path = Extensions;
			sourceTree = "<group>";
		};
		F28874EB7B3B8BEF9DE9CCA2 /* SOTALog */ = {
			isa = PBXGroup;
			children = (
				7A9B553EAF1B3DA6CB45CCAD /* Info.plist */,
				879CCCBC8D7BD9BB7030F85D /* App */,
				F04FE33C498835E77F0B151D /* Extensions */,
				B8741AD147C620BB73E95F93 /* Models */,
				FB6E8A1D7169078317E5D617 /* Resources */,
				9AE59422802E02146BE7EE0A /* Services */,
				C1265DF81D7BBCB678A4C38C /* ViewModels */,
				AE1D9A513B85F47CE0A17020 /* Views */,
			);
			path = SOTALog;
			sourceTree = "<group>";
		};
		FB6E8A1D7169078317E5D617 /* Resources */ = {
			isa = PBXGroup;
			children = (
				2109A78A0125A9C5642F3983 /* Assets.xcassets */,
				A994A9FFD8DB698FB83594C6 /* CallPrefixes.json */,
			);
			path = Resources;
			sourceTree = "<group>";
		};
/* End PBXGroup section */

/* Begin PBXNativeTarget section */
		45AD5D50670E399CA69836DF /* SOTALog */ = {
			isa = PBXNativeTarget;
			buildConfigurationList = F6FF1D1188E22C74C4120B6F /* Build configuration list for PBXNativeTarget "SOTALog" */;
			buildPhases = (
				30D91251ABE72C851C158040 /* Sources */,
				FE02AE453EFCA792AE9E51BA /* Resources */,
				112B101BCAF7ED155BF3B568 /* Frameworks */,
			);
			buildRules = (
			);
			dependencies = (
			);
			name = SOTALog;
			packageProductDependencies = (
				6835EC719EC72628DDFF197E /* GRDB */,
			);
			productName = SOTALog;
			productReference = 3B2337EDDD9E8DA078C7E207 /* SOTALog.app */;
			productType = "com.apple.product-type.application";
		};
		AD04F86C4D6D5B21931D2815 /* SOTALogTests */ = {
			isa = PBXNativeTarget;
			buildConfigurationList = C8CCF29D24DE7E4D6030D588 /* Build configuration list for PBXNativeTarget "SOTALogTests" */;
			buildPhases = (
				B54B09B34C96433ED2BEC02C /* Sources */,
				AAB3B935DCFD217548B2A774 /* Frameworks */,
			);
			buildRules = (
			);
			dependencies = (
				37715C5DA2E59BD9855F81F8 /* PBXTargetDependency */,
			);
			name = SOTALogTests;
			packageProductDependencies = (
				03577E747453328E267999F9 /* GRDB */,
			);
			productName = SOTALogTests;
			productReference = 2A331D02B76CE4173607C5D1 /* SOTALogTests.xctest */;
			productType = "com.apple.product-type.bundle.unit-test";
		};
/* End PBXNativeTarget section */

/* Begin PBXProject section */
		E4A78A632CDC8D64AFF28AB7 /* Project object */ = {
			isa = PBXProject;
			attributes = {
				BuildIndependentTargetsInParallel = YES;
				LastUpgradeCheck = 1500;
				TargetAttributes = {
					45AD5D50670E399CA69836DF = {
						DevelopmentTeam = 8CV6QZZ6BE;
						ProvisioningStyle = Automatic;
					};
				};
			};
			buildConfigurationList = BA3770D6A9065F4591436F78 /* Build configuration list for PBXProject "SOTALog" */;
			compatibilityVersion = "Xcode 14.0";
			developmentRegion = en;
			hasScannedForEncodings = 0;
			knownRegions = (
				Base,
				en,
			);
			mainGroup = DC6B0749337EE220EC25B8FD;
			minimizedProjectReferenceProxies = 1;
			packageReferences = (
				540B32B1ACB0547295993582 /* XCRemoteSwiftPackageReference "GRDB.swift" */,
			);
			preferredProjectObjectVersion = 77;
			projectDirPath = "";
			projectRoot = "";
			targets = (
				45AD5D50670E399CA69836DF /* SOTALog */,
				AD04F86C4D6D5B21931D2815 /* SOTALogTests */,
			);
		};
/* End PBXProject section */

/* Begin PBXResourcesBuildPhase section */
		FE02AE453EFCA792AE9E51BA /* Resources */ = {
			isa = PBXResourcesBuildPhase;
			buildActionMask = 2147483647;
			files = (
				901174E5C272C58A939933CB /* Assets.xcassets in Resources */,
				A49DEA6B8D1F9048D531E8AC /* CallPrefixes.json in Resources */,
			);
			runOnlyForDeploymentPostprocessing = 0;
		};
/* End PBXResourcesBuildPhase section */

/* Begin PBXSourcesBuildPhase section */
		30D91251ABE72C851C158040 /* Sources */ = {
			isa = PBXSourcesBuildPhase;
			buildActionMask = 2147483647;
			files = (
				352EFF0FDFBC50BD0E37167D /* ADIFFormatter.swift in Sources */,
				F9A163C85E0D507B5856973F /* ActivationStatusView.swift in Sources */,
				5AD435F02D6504F060E3D9CA /* ActiveLogView.swift in Sources */,
				A8CB0DAAB739D05D117B3A5A /* ActiveLogViewModel.swift in Sources */,
				62584B78191D37BC7F3C98FC /* AppDatabase.swift in Sources */,
				7A30847B75520EA883A60C5C /* AppLog.swift in Sources */,
				15FCD238FFF1E83EBF333ADF /* BandPlan.swift in Sources */,
				649620D579799BF173BC3473 /* CWMacro.swift in Sources */,
				CBDB7E0EEA6E95B74927AB0A /* CWMacroEditView.swift in Sources */,
				E70611B1F61E9DE4FED3F323 /* CWMacroRepository.swift in Sources */,
				9E9653E9C8C93A1061C5CE62 /* CallsignField.swift in Sources */,
				A600AFC63E0367C8F477ABFB /* CallsignHistory.swift in Sources */,
				A18331906A4110FD6FFC56AF /* CallsignHistoryRepository.swift in Sources */,
				E42F491C91E5F3B637C387F4 /* CallsignPrefixResolver.swift in Sources */,
				5CAD509F47D2D9AFF445DC08 /* Color+App.swift in Sources */,
				FF081D0BDBFFE24D75C80382 /* ContentView.swift in Sources */,
				5002A13AA26D298653D09550 /* Date+Formatting.swift in Sources */,
				48F04ACAD4452C657B2B5C77 /* Font+App.swift in Sources */,
				0F1D52B3C3ACE55ED3385B38 /* KeychainService.swift in Sources */,
				54EE456BFBCCB2385D14BB2A /* LocationService.swift in Sources */,
				4ED1771DBEFCB39C3E87F411 /* Log.swift in Sources */,
				10C4D86FBD0FD14F62FA113F /* LogListView.swift in Sources */,
				8E4D9FD8CDAE61892F2CD7F8 /* LogListViewModel.swift in Sources */,
				0913A27CF8E446091B33974C /* LogRepository.swift in Sources */,
				D67D8D836A41E7D0E0F4B210 /* LogRowView.swift in Sources */,
				E56CB67EB62F1F699C01AD5E /* MaidenheadConverter.swift in Sources */,
				382766C60A6B8E257DD7AD48 /* MetadataStrip.swift in Sources */,
				6262199275FB8DBC452028DA /* NewLogView.swift in Sources */,
				967EAEA58A46C0C22DB21533 /* NewLogViewModel.swift in Sources */,
				465D9912F46AE61BBF04DC49 /* NumberKeyRow.swift in Sources */,
				1ED4ECFEE612C2376777750C /* OmniFieldParser.swift in Sources */,
				21B30B8D3851B8E780141C8C /* POTALocationService.swift in Sources */,
				D7F9C5CFC658F974C03EB0BC /* POTAPark.swift in Sources */,
				F6F9517437918064EA846153 /* POTAParkService.swift in Sources */,
				40E28C6FA185AF2703E4177B /* POTASpotService.swift in Sources */,
				5E57763C0C897C7A9F5BF73B /* QRZCallsignResult.swift in Sources */,
				7A7DD098426D67446D3698D3 /* QRZLogbookService.swift in Sources */,
				F8A5F92B2A2F332BCD35396B /* QRZLoginView.swift in Sources */,
				6DBF96036CFFDB385CE76F83 /* QRZLookupService.swift in Sources */,
				8AFA61AA74B703F11030D122 /* QRZSyncView.swift in Sources */,
				8AB642C357671EA021F0D7CC /* QRZSyncViewModel.swift in Sources */,
				EE9015DC4FE5CB76385617E8 /* QRZXMLService.swift in Sources */,
				AAABF9BA83ADE653CF017EC7 /* QSO.swift in Sources */,
				8F3BFE554FC626591A9E5BE0 /* QSOEntryView.swift in Sources */,
				8B979EC6276A289632381758 /* QSOEntryViewModel.swift in Sources */,
				E8E4D588292B38EB7CA00456 /* QSORepository.swift in Sources */,
				A6C44D5177C39B3F1BD49913 /* QSORowView.swift in Sources */,
				9F4B8A91AC4EBD14CA2FEC23 /* ReferenceDownloadRow.swift in Sources */,
				BA30BA6E3CB871D12CDA4132 /* ReferenceManagerView.swift in Sources */,
				F41EC452D9247C3DB62C06BE /* ReferenceMetadata.swift in Sources */,
				4943BC7245C8E868920E22A8 /* ReferenceRepository.swift in Sources */,
				A684A51F9F06A7556CFB5AB6 /* SOTACatService.swift in Sources */,
				CDF1399DF8523800A29E56A6 /* SOTALogApp.swift in Sources */,
				C4F96E00ED134810334A6103 /* SOTASpotService.swift in Sources */,
				355CB528D730A23D7F18FFDF /* SOTASummit.swift in Sources */,
				FAD96ADA7A6857A262B171C7 /* SOTASummitService.swift in Sources */,
				DA623435E356222EB697AB3A /* Spot.swift in Sources */,
				C2C0C1CD6F75EB9456C59693 /* SpotRouter.swift in Sources */,
				BC20F12B0EED78EEF0AD3F43 /* SpotRowView.swift in Sources */,
				65D744FA4922CA0C1FA3694E /* SpotsSheetView.swift in Sources */,
				0157B89CEF9E14FCFC95831A /* SpotsViewModel.swift in Sources */,
				D10D4A809BAF7BAE0D6F7196 /* String+Callsign.swift in Sources */,
				CD80AE501E985AD141BBB10E /* SyncImporter.swift in Sources */,
				30FE889E75C04058294049A5 /* View+AppStyle.swift in Sources */,
				1F95DE507D883CEC5CE45AA4 /* View+iOS.swift in Sources */,
			);
			runOnlyForDeploymentPostprocessing = 0;
		};
		B54B09B34C96433ED2BEC02C /* Sources */ = {
			isa = PBXSourcesBuildPhase;
			buildActionMask = 2147483647;
			files = (
				AE53733E852711B4E0059A85 /* CSVParsingTests.swift in Sources */,
				14E988454D9F5D07A45BB498 /* DateFormattingTests.swift in Sources */,
				A77AB34C46CD00E43FBA46C6 /* ModelTests.swift in Sources */,
				C15F6B2CB4B834242B99B84E /* NearbyReferenceTests.swift in Sources */,
				C0D32487F86B08323771A99A /* QSOEntryViewModelTests.swift in Sources */,
				79B22C489E0EA8217109EC64 /* RepositoryTests.swift in Sources */,
				838DD3D8FFED652ED234EE6A /* SOTACatServiceTests.swift in Sources */,
				6269F57C8EBC8BC71C2CF91F /* SOTALogTests.swift in Sources */,
				0EDF258F9D08765569BF9FEE /* SpotModelTests.swift in Sources */,
				9A78CD351C544206476BC57E /* SpotsViewModelTests.swift in Sources */,
				8839C0882368ED3B91498F24 /* StringExtensionTests.swift in Sources */,
				274E5B921756A30E83925A34 /* SyncImporterTests.swift in Sources */,
				1FD9532C3A4C42F2B6DC47F4 /* TestHelpers.swift in Sources */,
			);
			runOnlyForDeploymentPostprocessing = 0;
		};
/* End PBXSourcesBuildPhase section */

/* Begin PBXTargetDependency section */
		37715C5DA2E59BD9855F81F8 /* PBXTargetDependency */ = {
			isa = PBXTargetDependency;
			target = 45AD5D50670E399CA69836DF /* SOTALog */;
			targetProxy = FA2698AAAECCDE842C85B6F8 /* PBXContainerItemProxy */;
		};
/* End PBXTargetDependency section */

/* Begin XCBuildConfiguration section */
		5922567D57BC3908BA125478 /* Release */ = {
			isa = XCBuildConfiguration;
			buildSettings = {
				ASSETCATALOG_COMPILER_APPICON_NAME = AppIcon;
				CODE_SIGN_IDENTITY = "iPhone Developer";
				CODE_SIGN_STYLE = Automatic;
				CURRENT_PROJECT_VERSION = 5;
				DEVELOPMENT_TEAM = 8CV6QZZ6BE;
				GENERATE_INFOPLIST_FILE = YES;
				INFOPLIST_FILE = SOTALog/Info.plist;
				INFOPLIST_KEY_CFBundleDisplayName = "SOTA Log";
				INFOPLIST_KEY_ITSAppUsesNonExemptEncryption = NO;
				INFOPLIST_KEY_NSLocationWhenInUseUsageDescription = "SOTA Log uses your location to calculate your Maidenhead grid square for logging.";
				INFOPLIST_KEY_UIApplicationSceneManifest_Generation = YES;
				INFOPLIST_KEY_UIApplicationSupportsIndirectInputEvents = YES;
				INFOPLIST_KEY_UILaunchScreen_Generation = YES;
				INFOPLIST_KEY_UISupportedInterfaceOrientations = "UIInterfaceOrientationPortrait UIInterfaceOrientationPortraitUpsideDown UIInterfaceOrientationLandscapeLeft UIInterfaceOrientationLandscapeRight";
				INFOPLIST_KEY_UISupportedInterfaceOrientations_iPhone = "UIInterfaceOrientationPortrait UIInterfaceOrientationPortraitUpsideDown UIInterfaceOrientationLandscapeLeft UIInterfaceOrientationLandscapeRight";
				LD_RUNPATH_SEARCH_PATHS = (
					"$(inherited)",
					"@executable_path/Frameworks",
				);
				MARKETING_VERSION = 0.5;
				PRODUCT_BUNDLE_IDENTIFIER = com.sotalog.app;
				SDKROOT = iphoneos;
				TARGETED_DEVICE_FAMILY = "1,2";
			};
			name = Release;
		};
		66CB5B99B3A4A4A711845682 /* Debug */ = {
			isa = XCBuildConfiguration;
			buildSettings = {
				ASSETCATALOG_COMPILER_APPICON_NAME = AppIcon;
				CODE_SIGN_IDENTITY = "iPhone Developer";
				CODE_SIGN_STYLE = Automatic;
				CURRENT_PROJECT_VERSION = 5;
				DEVELOPMENT_TEAM = 8CV6QZZ6BE;
				GENERATE_INFOPLIST_FILE = YES;
				INFOPLIST_FILE = SOTALog/Info.plist;
				INFOPLIST_KEY_CFBundleDisplayName = "SOTA Log";
				INFOPLIST_KEY_ITSAppUsesNonExemptEncryption = NO;
				INFOPLIST_KEY_NSLocationWhenInUseUsageDescription = "SOTA Log uses your location to calculate your Maidenhead grid square for logging.";
				INFOPLIST_KEY_UIApplicationSceneManifest_Generation = YES;
				INFOPLIST_KEY_UIApplicationSupportsIndirectInputEvents = YES;
				INFOPLIST_KEY_UILaunchScreen_Generation = YES;
				INFOPLIST_KEY_UISupportedInterfaceOrientations = "UIInterfaceOrientationPortrait UIInterfaceOrientationPortraitUpsideDown UIInterfaceOrientationLandscapeLeft UIInterfaceOrientationLandscapeRight";
				INFOPLIST_KEY_UISupportedInterfaceOrientations_iPhone = "UIInterfaceOrientationPortrait UIInterfaceOrientationPortraitUpsideDown UIInterfaceOrientationLandscapeLeft UIInterfaceOrientationLandscapeRight";
				LD_RUNPATH_SEARCH_PATHS = (
					"$(inherited)",
					"@executable_path/Frameworks",
				);
				MARKETING_VERSION = 0.5;
				PRODUCT_BUNDLE_IDENTIFIER = com.sotalog.app;
				SDKROOT = iphoneos;
				TARGETED_DEVICE_FAMILY = "1,2";
			};
			name = Debug;
		};
		749174FE8D6C7C8C2FA1CC83 /* Debug */ = {
			isa = XCBuildConfiguration;
			buildSettings = {
				ALWAYS_SEARCH_USER_PATHS = NO;
				CLANG_ANALYZER_NONNULL = YES;
				CLANG_ANALYZER_NUMBER_OBJECT_CONVERSION = YES_AGGRESSIVE;
				CLANG_CXX_LANGUAGE_STANDARD = "gnu++14";
				CLANG_CXX_LIBRARY = "libc++";
				CLANG_ENABLE_MODULES = YES;
				CLANG_ENABLE_OBJC_ARC = YES;
				CLANG_ENABLE_OBJC_WEAK = YES;
				CLANG_WARN_BLOCK_CAPTURE_AUTORELEASING = YES;
				CLANG_WARN_BOOL_CONVERSION = YES;
				CLANG_WARN_COMMA = YES;
				CLANG_WARN_CONSTANT_CONVERSION = YES;
				CLANG_WARN_DEPRECATED_OBJC_IMPLEMENTATIONS = YES;
				CLANG_WARN_DIRECT_OBJC_ISA_USAGE = YES_ERROR;
				CLANG_WARN_DOCUMENTATION_COMMENTS = YES;
				CLANG_WARN_EMPTY_BODY = YES;
				CLANG_WARN_ENUM_CONVERSION = YES;
				CLANG_WARN_INFINITE_RECURSION = YES;
				CLANG_WARN_INT_CONVERSION = YES;
				CLANG_WARN_NON_LITERAL_NULL_CONVERSION = YES;
				CLANG_WARN_OBJC_IMPLICIT_RETAIN_SELF = YES;
				CLANG_WARN_OBJC_LITERAL_CONVERSION = YES;
				CLANG_WARN_OBJC_ROOT_CLASS = YES_ERROR;
				CLANG_WARN_QUOTED_INCLUDE_IN_FRAMEWORK_HEADER = YES;
				CLANG_WARN_RANGE_LOOP_ANALYSIS = YES;
				CLANG_WARN_STRICT_PROTOTYPES = YES;
				CLANG_WARN_SUSPICIOUS_MOVE = YES;
				CLANG_WARN_UNGUARDED_AVAILABILITY = YES_AGGRESSIVE;
				CLANG_WARN_UNREACHABLE_CODE = YES;
				CLANG_WARN__DUPLICATE_METHOD_MATCH = YES;
				COPY_PHASE_STRIP = NO;
				DEBUG_INFORMATION_FORMAT = dwarf;
				ENABLE_STRICT_OBJC_MSGSEND = YES;
				ENABLE_TESTABILITY = YES;
				GCC_C_LANGUAGE_STANDARD = gnu11;
				GCC_DYNAMIC_NO_PIC = NO;
				GCC_NO_COMMON_BLOCKS = YES;
				GCC_OPTIMIZATION_LEVEL = 0;
				GCC_PREPROCESSOR_DEFINITIONS = (
					"$(inherited)",
					"DEBUG=1",
				);
				GCC_WARN_64_TO_32_BIT_CONVERSION = YES;
				GCC_WARN_ABOUT_RETURN_TYPE = YES_ERROR;
				GCC_WARN_UNDECLARED_SELECTOR = YES;
				GCC_WARN_UNINITIALIZED_AUTOS = YES_AGGRESSIVE;
				GCC_WARN_UNUSED_FUNCTION = YES;
				GCC_WARN_UNUSED_VARIABLE = YES;
				IPHONEOS_DEPLOYMENT_TARGET = 17.0;
				MTL_ENABLE_DEBUG_INFO = INCLUDE_SOURCE;
				MTL_FAST_MATH = YES;
				ONLY_ACTIVE_ARCH = YES;
				PRODUCT_NAME = "$(TARGET_NAME)";
				SDKROOT = iphoneos;
				SWIFT_ACTIVE_COMPILATION_CONDITIONS = DEBUG;
				SWIFT_OPTIMIZATION_LEVEL = "-Onone";
				SWIFT_VERSION = 5.9;
				TARGETED_DEVICE_FAMILY = 1;
			};
			name = Debug;
		};
		A3ACE8388265EEC850F5D213 /* Release */ = {
			isa = XCBuildConfiguration;
			buildSettings = {
				ALWAYS_SEARCH_USER_PATHS = NO;
				CLANG_ANALYZER_NONNULL = YES;
				CLANG_ANALYZER_NUMBER_OBJECT_CONVERSION = YES_AGGRESSIVE;
				CLANG_CXX_LANGUAGE_STANDARD = "gnu++14";
				CLANG_CXX_LIBRARY = "libc++";
				CLANG_ENABLE_MODULES = YES;
				CLANG_ENABLE_OBJC_ARC = YES;
				CLANG_ENABLE_OBJC_WEAK = YES;
				CLANG_WARN_BLOCK_CAPTURE_AUTORELEASING = YES;
				CLANG_WARN_BOOL_CONVERSION = YES;
				CLANG_WARN_COMMA = YES;
				CLANG_WARN_CONSTANT_CONVERSION = YES;
				CLANG_WARN_DEPRECATED_OBJC_IMPLEMENTATIONS = YES;
				CLANG_WARN_DIRECT_OBJC_ISA_USAGE = YES_ERROR;
				CLANG_WARN_DOCUMENTATION_COMMENTS = YES;
				CLANG_WARN_EMPTY_BODY = YES;
				CLANG_WARN_ENUM_CONVERSION = YES;
				CLANG_WARN_INFINITE_RECURSION = YES;
				CLANG_WARN_INT_CONVERSION = YES;
				CLANG_WARN_NON_LITERAL_NULL_CONVERSION = YES;
				CLANG_WARN_OBJC_IMPLICIT_RETAIN_SELF = YES;
				CLANG_WARN_OBJC_LITERAL_CONVERSION = YES;
				CLANG_WARN_OBJC_ROOT_CLASS = YES_ERROR;
				CLANG_WARN_QUOTED_INCLUDE_IN_FRAMEWORK_HEADER = YES;
				CLANG_WARN_RANGE_LOOP_ANALYSIS = YES;
				CLANG_WARN_STRICT_PROTOTYPES = YES;
				CLANG_WARN_SUSPICIOUS_MOVE = YES;
				CLANG_WARN_UNGUARDED_AVAILABILITY = YES_AGGRESSIVE;
				CLANG_WARN_UNREACHABLE_CODE = YES;
				CLANG_WARN__DUPLICATE_METHOD_MATCH = YES;
				COPY_PHASE_STRIP = NO;
				DEBUG_INFORMATION_FORMAT = "dwarf-with-dsym";
				ENABLE_NS_ASSERTIONS = NO;
				ENABLE_STRICT_OBJC_MSGSEND = YES;
				GCC_C_LANGUAGE_STANDARD = gnu11;
				GCC_NO_COMMON_BLOCKS = YES;
				GCC_WARN_64_TO_32_BIT_CONVERSION = YES;
				GCC_WARN_ABOUT_RETURN_TYPE = YES_ERROR;
				GCC_WARN_UNDECLARED_SELECTOR = YES;
				GCC_WARN_UNINITIALIZED_AUTOS = YES_AGGRESSIVE;
				GCC_WARN_UNUSED_FUNCTION = YES;
				GCC_WARN_UNUSED_VARIABLE = YES;
				IPHONEOS_DEPLOYMENT_TARGET = 17.0;
				MTL_ENABLE_DEBUG_INFO = NO;
				MTL_FAST_MATH = YES;
				PRODUCT_NAME = "$(TARGET_NAME)";
				SDKROOT = iphoneos;
				SWIFT_COMPILATION_MODE = wholemodule;
				SWIFT_OPTIMIZATION_LEVEL = "-O";
				SWIFT_VERSION = 5.9;
				TARGETED_DEVICE_FAMILY = 1;
			};
			name = Release;
		};
		C3D59286A5D5922C18C3E78B /* Debug */ = {
			isa = XCBuildConfiguration;
			buildSettings = {
				BUNDLE_LOADER = "$(TEST_HOST)";
				GENERATE_INFOPLIST_FILE = YES;
				LD_RUNPATH_SEARCH_PATHS = (
					"$(inherited)",
					"@executable_path/Frameworks",
					"@loader_path/Frameworks",
				);
				PRODUCT_BUNDLE_IDENTIFIER = com.sotalog.SOTALogTests;
				SDKROOT = iphoneos;
				TARGETED_DEVICE_FAMILY = "1,2";
				TEST_HOST = "$(BUILT_PRODUCTS_DIR)/SOTALog.app/SOTALog";
			};
			name = Debug;
		};
		E4974E2C388C4718A75A07A5 /* Release */ = {
			isa = XCBuildConfiguration;
			buildSettings = {
				BUNDLE_LOADER = "$(TEST_HOST)";
				GENERATE_INFOPLIST_FILE = YES;
				LD_RUNPATH_SEARCH_PATHS = (
					"$(inherited)",
					"@executable_path/Frameworks",
					"@loader_path/Frameworks",
				);
				PRODUCT_BUNDLE_IDENTIFIER = com.sotalog.SOTALogTests;
				SDKROOT = iphoneos;
				TARGETED_DEVICE_FAMILY = "1,2";
				TEST_HOST = "$(BUILT_PRODUCTS_DIR)/SOTALog.app/SOTALog";
			};
			name = Release;
		};
/* End XCBuildConfiguration section */

/* Begin XCConfigurationList section */
		BA3770D6A9065F4591436F78 /* Build configuration list for PBXProject "SOTALog" */ = {
			isa = XCConfigurationList;
			buildConfigurations = (
				749174FE8D6C7C8C2FA1CC83 /* Debug */,
				A3ACE8388265EEC850F5D213 /* Release */,
			);
			defaultConfigurationIsVisible = 0;
			defaultConfigurationName = Debug;
		};
		C8CCF29D24DE7E4D6030D588 /* Build configuration list for PBXNativeTarget "SOTALogTests" */ = {
			isa = XCConfigurationList;
			buildConfigurations = (
				C3D59286A5D5922C18C3E78B /* Debug */,
				E4974E2C388C4718A75A07A5 /* Release */,
			);
			defaultConfigurationIsVisible = 0;
			defaultConfigurationName = Debug;
		};
		F6FF1D1188E22C74C4120B6F /* Build configuration list for PBXNativeTarget "SOTALog" */ = {
			isa = XCConfigurationList;
			buildConfigurations = (
				66CB5B99B3A4A4A711845682 /* Debug */,
				5922567D57BC3908BA125478 /* Release */,
			);
			defaultConfigurationIsVisible = 0;
			defaultConfigurationName = Debug;
		};
/* End XCConfigurationList section */

/* Begin XCRemoteSwiftPackageReference section */
		540B32B1ACB0547295993582 /* XCRemoteSwiftPackageReference "GRDB.swift" */ = {
			isa = XCRemoteSwiftPackageReference;
			repositoryURL = "https://github.com/groue/GRDB.swift.git";
			requirement = {
				kind = upToNextMajorVersion;
				minimumVersion = 7.0.0;
			};
		};
/* End XCRemoteSwiftPackageReference section */

/* Begin XCSwiftPackageProductDependency section */
		03577E747453328E267999F9 /* GRDB */ = {
			isa = XCSwiftPackageProductDependency;
			package = 540B32B1ACB0547295993582 /* XCRemoteSwiftPackageReference "GRDB.swift" */;
			productName = GRDB;
		};
		6835EC719EC72628DDFF197E /* GRDB */ = {
			isa = XCSwiftPackageProductDependency;
			package = 540B32B1ACB0547295993582 /* XCRemoteSwiftPackageReference "GRDB.swift" */;
			productName = GRDB;
		};
/* End XCSwiftPackageProductDependency section */
	};
	rootObject = E4A78A632CDC8D64AFF28AB7 /* Project object */;
}
