// !$*UTF8*$!
{
	archiveVersion = 1;
	classes = {
	};
	objectVersion = 77;
	objects = {

/* Begin PBXBuildFile section */
		005C093A81509554C2BE3257 /* ThresholdBadge.swift in Sources */ = {isa = PBXBuildFile; fileRef = 7B12C9709AB434ADCEA8CA26 /* ThresholdBadge.swift */; };
		086B939C394FC2036E1B5B37 /* RSTField.swift in Sources */ = {isa = PBXBuildFile; fileRef = 4415DDE30366AB3475E9B8BE /* RSTField.swift */; };
		09DE0A6D5A3F4F9F8CF07CF2 /* LocationService.swift in Sources */ = {isa = PBXBuildFile; fileRef = 932E6C73C43ECA77F2894614 /* LocationService.swift */; };
		0D51B4D7ADF05A1CB58B049F /* AppDatabase.swift in Sources */ = {isa = PBXBuildFile; fileRef = F77A0AAABDDB3D7095D1619B /* AppDatabase.swift */; };
		0E5DEB87D8C8B8926A1AD34D /* NewLogViewModel.swift in Sources */ = {isa = PBXBuildFile; fileRef = 41BDACD4C167D25A9A25A554 /* NewLogViewModel.swift */; };
		0ECD957A8C135C2546AC750F /* QSORowView.swift in Sources */ = {isa = PBXBuildFile; fileRef = 969963294804578AAD0D5473 /* QSORowView.swift */; };
		11592706FD62EC77B5A1B66A /* ActiveLogViewModel.swift in Sources */ = {isa = PBXBuildFile; fileRef = F846C6E9896BC9C0B621B48B /* ActiveLogViewModel.swift */; };
		12153787444FE7C2A120D787 /* QRZSyncView.swift in Sources */ = {isa = PBXBuildFile; fileRef = 231EA482E8A65895029C66B2 /* QRZSyncView.swift */; };
		127D3E51297014357E1D3B1C /* ActivationProgressView.swift in Sources */ = {isa = PBXBuildFile; fileRef = F7B3ADE40365777F36DAA6D4 /* ActivationProgressView.swift */; };
		19F726018B8677B49E08A8FB /* View+iOS.swift in Sources */ = {isa = PBXBuildFile; fileRef = 85E4014475668C53A8CCA588 /* View+iOS.swift */; };
		1A8A80210E6AE9DDDEE09396 /* QSOEntryViewModel.swift in Sources */ = {isa = PBXBuildFile; fileRef = B98854C6230625C38CA3D5E3 /* QSOEntryViewModel.swift */; };
		1CAC5A75DA231954190CB1F2 /* QSO.swift in Sources */ = {isa = PBXBuildFile; fileRef = 37EFD82F2DD0D8F389FAC10B /* QSO.swift */; };
		1F52058A35E9E3DB94150C4F /* SpotsView.swift in Sources */ = {isa = PBXBuildFile; fileRef = F2BA341D7BCFD449A604EDC5 /* SpotsView.swift */; };
		22F0CA00ABC7A2CBF13386AA /* QSOEntryView.swift in Sources */ = {isa = PBXBuildFile; fileRef = 5CF8D9F92C44FB63A868F9FD /* QSOEntryView.swift */; };
		25EACBB7D9C9C251419DD4A4 /* CallPrefixes.json in Resources */ = {isa = PBXBuildFile; fileRef = F52142D698293D2CC15153A4 /* CallPrefixes.json */; };
		266C328FE8BD334FF289C23F /* QRZLogbookService.swift in Sources */ = {isa = PBXBuildFile; fileRef = 830BB3A2360096383F2D1031 /* QRZLogbookService.swift */; };
		35EEB1905083C8199A460977 /* POTAPark.swift in Sources */ = {isa = PBXBuildFile; fileRef = 3A72E9531B1A12FC055C2C9D /* POTAPark.swift */; };
		3C8DD29459EF0ACD64FE4B47 /* SOTASummitService.swift in Sources */ = {isa = PBXBuildFile; fileRef = 3BE95F64CEF935E5C48BD5DE /* SOTASummitService.swift */; };
		41B20343CD926DF5DEA36FB5 /* ReferenceMetadata.swift in Sources */ = {isa = PBXBuildFile; fileRef = 1148C3CB4094AFFAD277F426 /* ReferenceMetadata.swift */; };
		4F4339C62EEADC864BB5725E /* POTASpotService.swift in Sources */ = {isa = PBXBuildFile; fileRef = B71AAF0F8081AF35818B4107 /* POTASpotService.swift */; };
		56F92D654612B6745B30B9BF /* FieldLogTests.swift in Sources */ = {isa = PBXBuildFile; fileRef = 19F4FC21C85333573A6AD8C7 /* FieldLogTests.swift */; };
		57D06A86AE111C72DA2092EC /* Date+Formatting.swift in Sources */ = {isa = PBXBuildFile; fileRef = 4E5391C6CBA3DAF8258E359B /* Date+Formatting.swift */; };
		5A2CBF38B35924D905496465 /* POTAParkService.swift in Sources */ = {isa = PBXBuildFile; fileRef = E6997488FC184AE1E8675AC0 /* POTAParkService.swift */; };
		621B021280E7AA956C1960CE /* LogRepository.swift in Sources */ = {isa = PBXBuildFile; fileRef = ABDCBB4CBC30AE082052E193 /* LogRepository.swift */; };
		626B00689DF2192FA71482B6 /* NewLogView.swift in Sources */ = {isa = PBXBuildFile; fileRef = 3830021EBBFCE6C4D2D99C9A /* NewLogView.swift */; };
		6494149119FB8E1009445244 /* Log.swift in Sources */ = {isa = PBXBuildFile; fileRef = 8E958AF387CB3DF7C0EC80C4 /* Log.swift */; };
		67475F56122BD79993EFE093 /* ActiveLogView.swift in Sources */ = {isa = PBXBuildFile; fileRef = 20B3CE076C059B5BE18EEA32 /* ActiveLogView.swift */; };
		69B3B074F75F8B1D067A6C1D /* Spot.swift in Sources */ = {isa = PBXBuildFile; fileRef = 139068C3CAF2040CED70DC45 /* Spot.swift */; };
		7EE55652B73BEF55B7EEC3FF /* ReferenceRepository.swift in Sources */ = {isa = PBXBuildFile; fileRef = 2BD6176B0014BC1EA93106D8 /* ReferenceRepository.swift */; };
		81049ED749BEB3B2E71941DE /* ReferenceManagerView.swift in Sources */ = {isa = PBXBuildFile; fileRef = EF1BF004AACE0199EDC8A5D2 /* ReferenceManagerView.swift */; };
		8E56C1F8DD15EDCFD2E888AE /* String+Callsign.swift in Sources */ = {isa = PBXBuildFile; fileRef = 29D759AE0C3CD92C3A73C3A5 /* String+Callsign.swift */; };
		917133A592400217388BCD4A /* QRZLoginView.swift in Sources */ = {isa = PBXBuildFile; fileRef = 011DA28D98A9794A69BD06B5 /* QRZLoginView.swift */; };
		923F59EAF5BDA38AC86CA036 /* GRDB in Frameworks */ = {isa = PBXBuildFile; productRef = F854E68F93A0084406ECE3DB /* GRDB */; };
		A098D9F3E4CF5069479A9D89 /* MaidenheadConverter.swift in Sources */ = {isa = PBXBuildFile; fileRef = 6C0AD39CBF4CAB60668F751B /* MaidenheadConverter.swift */; };
		A797DDD8CB52CD0E8C27D14A /* CallsignHistory.swift in Sources */ = {isa = PBXBuildFile; fileRef = 4D628A1FE18007F3D70D323A /* CallsignHistory.swift */; };
		AB2D0340A6616C94244E9F13 /* QRZSyncViewModel.swift in Sources */ = {isa = PBXBuildFile; fileRef = 93419058673E56FB031EC081 /* QRZSyncViewModel.swift */; };
		AEE33041B9590F59AD66D489 /* SOTASummit.swift in Sources */ = {isa = PBXBuildFile; fileRef = 8D36895F8E54385CB559D7EB /* SOTASummit.swift */; };
		B03E3B789301B4A680C68771 /* KeychainService.swift in Sources */ = {isa = PBXBuildFile; fileRef = C170370BFE8F6A94501447F5 /* KeychainService.swift */; };
		B16B198DB3258DFCDFAC43E0 /* SOTASpotService.swift in Sources */ = {isa = PBXBuildFile; fileRef = 0F950BE6B67A262BDA05818C /* SOTASpotService.swift */; };
		B1D0969C486663A41B51495F /* LogListViewModel.swift in Sources */ = {isa = PBXBuildFile; fileRef = EEEB5FEEE19D9264E71131AA /* LogListViewModel.swift */; };
		B4D9599495421543989D7F52 /* CallsignField.swift in Sources */ = {isa = PBXBuildFile; fileRef = 88507B74666DCB10B4C7C361 /* CallsignField.swift */; };
		BC1A117EA2AD368FA3611D89 /* LogRowView.swift in Sources */ = {isa = PBXBuildFile; fileRef = 3BE62987F5C1F6AD1EAAE2A3 /* LogRowView.swift */; };
		BFBEAB6AEA5386DC5863500D /* ContentView.swift in Sources */ = {isa = PBXBuildFile; fileRef = B9B4AC7CBBF765603A450CBF /* ContentView.swift */; };
		C12AFD0DCD52C1C9F92A0177 /* LogListView.swift in Sources */ = {isa = PBXBuildFile; fileRef = 8B39EE2735EEC4737B443D9F /* LogListView.swift */; };
		C4D055F9BA1E6B85EE3D3053 /* SpotRowView.swift in Sources */ = {isa = PBXBuildFile; fileRef = A8916887F957FF81B1F8D6C0 /* SpotRowView.swift */; };
		C5E00F2986214BA2A4C41196 /* QRZXMLService.swift in Sources */ = {isa = PBXBuildFile; fileRef = A769A37917835FBD7553D1A6 /* QRZXMLService.swift */; };
		C630F5D10FD05D2B46AF71D8 /* QSORepository.swift in Sources */ = {isa = PBXBuildFile; fileRef = 3204BA6D9D4377A218E0E14D /* QSORepository.swift */; };
		C9EDA8AFB3C6273D30712AFE /* SpotsViewModel.swift in Sources */ = {isa = PBXBuildFile; fileRef = 640B29AA0E03542B9F37A8D6 /* SpotsViewModel.swift */; };
		DA0804CAAF42EB0CE4AF093E /* FieldLogApp.swift in Sources */ = {isa = PBXBuildFile; fileRef = 1C50ECF0372D9F4AC1F700F5 /* FieldLogApp.swift */; };
		E19293D63A16BF0461441F20 /* GRDB in Frameworks */ = {isa = PBXBuildFile; productRef = 211D5D291FA342A559F879E9 /* GRDB */; };
		E40F24CFC828E1C2B47AD6FC /* CallsignHistoryRepository.swift in Sources */ = {isa = PBXBuildFile; fileRef = 987C7E7955869126D69C5810 /* CallsignHistoryRepository.swift */; };
		E619AC0FCE8E6B1822D6E769 /* Assets.xcassets in Resources */ = {isa = PBXBuildFile; fileRef = F971C1E4EE024C8D0DC9BCCD /* Assets.xcassets */; };
		E8C26C48FAE59090063B9527 /* QRZCallsignResult.swift in Sources */ = {isa = PBXBuildFile; fileRef = F2325694D3C345793E4FD28E /* QRZCallsignResult.swift */; };
		F1925BD3C7651D39844C5765 /* BandPlan.swift in Sources */ = {isa = PBXBuildFile; fileRef = 295B344FCEB83324CCE6820E /* BandPlan.swift */; };
		F1C306738F5DAABCB70ACC01 /* ADIFFormatter.swift in Sources */ = {isa = PBXBuildFile; fileRef = 094B8AFFE3C800DB76E24AB0 /* ADIFFormatter.swift */; };
		FBF68F210E760ADC72886E85 /* CallsignPrefixResolver.swift in Sources */ = {isa = PBXBuildFile; fileRef = 501BEA3DC829A63BD30D1D86 /* CallsignPrefixResolver.swift */; };
/* End PBXBuildFile section */

/* Begin PBXContainerItemProxy section */
		0488F85A6073D10B028D5579 /* PBXContainerItemProxy */ = {
			isa = PBXContainerItemProxy;
			containerPortal = 2A769409A22BB62937E58213 /* Project object */;
			proxyType = 1;
			remoteGlobalIDString = F47E420D5441943212149041;
			remoteInfo = FieldLog;
		};
/* End PBXContainerItemProxy section */

/* Begin PBXFileReference section */
		011DA28D98A9794A69BD06B5 /* QRZLoginView.swift */ = {isa = PBXFileReference; lastKnownFileType = sourcecode.swift; path = QRZLoginView.swift; sourceTree = "<group>"; };
		094B8AFFE3C800DB76E24AB0 /* ADIFFormatter.swift */ = {isa = PBXFileReference; lastKnownFileType = sourcecode.swift; path = ADIFFormatter.swift; sourceTree = "<group>"; };
		0F950BE6B67A262BDA05818C /* SOTASpotService.swift */ = {isa = PBXFileReference; lastKnownFileType = sourcecode.swift; path = SOTASpotService.swift; sourceTree = "<group>"; };
		1148C3CB4094AFFAD277F426 /* ReferenceMetadata.swift */ = {isa = PBXFileReference; lastKnownFileType = sourcecode.swift; path = ReferenceMetadata.swift; sourceTree = "<group>"; };
		139068C3CAF2040CED70DC45 /* Spot.swift */ = {isa = PBXFileReference; lastKnownFileType = sourcecode.swift; path = Spot.swift; sourceTree = "<group>"; };
		19F4FC21C85333573A6AD8C7 /* FieldLogTests.swift */ = {isa = PBXFileReference; lastKnownFileType = sourcecode.swift; path = FieldLogTests.swift; sourceTree = "<group>"; };
		1C50ECF0372D9F4AC1F700F5 /* FieldLogApp.swift */ = {isa = PBXFileReference; lastKnownFileType = sourcecode.swift; path = FieldLogApp.swift; sourceTree = "<group>"; };
		20B3CE076C059B5BE18EEA32 /* ActiveLogView.swift */ = {isa = PBXFileReference; lastKnownFileType = sourcecode.swift; path = ActiveLogView.swift; sourceTree = "<group>"; };
		231EA482E8A65895029C66B2 /* QRZSyncView.swift */ = {isa = PBXFileReference; lastKnownFileType = sourcecode.swift; path = QRZSyncView.swift; sourceTree = "<group>"; };
		295B344FCEB83324CCE6820E /* BandPlan.swift */ = {isa = PBXFileReference; lastKnownFileType = sourcecode.swift; path = BandPlan.swift; sourceTree = "<group>"; };
		29D759AE0C3CD92C3A73C3A5 /* String+Callsign.swift */ = {isa = PBXFileReference; lastKnownFileType = sourcecode.swift; path = "String+Callsign.swift"; sourceTree = "<group>"; };
		2BC04DD9AA4BCD1B60C518DC /* FieldLogTests.xctest */ = {isa = PBXFileReference; includeInIndex = 0; lastKnownFileType = wrapper.cfbundle; path = FieldLogTests.xctest; sourceTree = BUILT_PRODUCTS_DIR; };
		2BD6176B0014BC1EA93106D8 /* ReferenceRepository.swift */ = {isa = PBXFileReference; lastKnownFileType = sourcecode.swift; path = ReferenceRepository.swift; sourceTree = "<group>"; };
		3204BA6D9D4377A218E0E14D /* QSORepository.swift */ = {isa = PBXFileReference; lastKnownFileType = sourcecode.swift; path = QSORepository.swift; sourceTree = "<group>"; };
		37EFD82F2DD0D8F389FAC10B /* QSO.swift */ = {isa = PBXFileReference; lastKnownFileType = sourcecode.swift; path = QSO.swift; sourceTree = "<group>"; };
		3830021EBBFCE6C4D2D99C9A /* NewLogView.swift */ = {isa = PBXFileReference; lastKnownFileType = sourcecode.swift; path = NewLogView.swift; sourceTree = "<group>"; };
		3A72E9531B1A12FC055C2C9D /* POTAPark.swift */ = {isa = PBXFileReference; lastKnownFileType = sourcecode.swift; path = POTAPark.swift; sourceTree = "<group>"; };
		3BE62987F5C1F6AD1EAAE2A3 /* LogRowView.swift */ = {isa = PBXFileReference; lastKnownFileType = sourcecode.swift; path = LogRowView.swift; sourceTree = "<group>"; };
		3BE95F64CEF935E5C48BD5DE /* SOTASummitService.swift */ = {isa = PBXFileReference; lastKnownFileType = sourcecode.swift; path = SOTASummitService.swift; sourceTree = "<group>"; };
		41BDACD4C167D25A9A25A554 /* NewLogViewModel.swift */ = {isa = PBXFileReference; lastKnownFileType = sourcecode.swift; path = NewLogViewModel.swift; sourceTree = "<group>"; };
		4415DDE30366AB3475E9B8BE /* RSTField.swift */ = {isa = PBXFileReference; lastKnownFileType = sourcecode.swift; path = RSTField.swift; sourceTree = "<group>"; };
		4D628A1FE18007F3D70D323A /* CallsignHistory.swift */ = {isa = PBXFileReference; lastKnownFileType = sourcecode.swift; path = CallsignHistory.swift; sourceTree = "<group>"; };
		4E5391C6CBA3DAF8258E359B /* Date+Formatting.swift */ = {isa = PBXFileReference; lastKnownFileType = sourcecode.swift; path = "Date+Formatting.swift"; sourceTree = "<group>"; };
		501BEA3DC829A63BD30D1D86 /* CallsignPrefixResolver.swift */ = {isa = PBXFileReference; lastKnownFileType = sourcecode.swift; path = CallsignPrefixResolver.swift; sourceTree = "<group>"; };
		5CF8D9F92C44FB63A868F9FD /* QSOEntryView.swift */ = {isa = PBXFileReference; lastKnownFileType = sourcecode.swift; path = QSOEntryView.swift; sourceTree = "<group>"; };
		640B29AA0E03542B9F37A8D6 /* SpotsViewModel.swift */ = {isa = PBXFileReference; lastKnownFileType = sourcecode.swift; path = SpotsViewModel.swift; sourceTree = "<group>"; };
		6C0AD39CBF4CAB60668F751B /* MaidenheadConverter.swift */ = {isa = PBXFileReference; lastKnownFileType = sourcecode.swift; path = MaidenheadConverter.swift; sourceTree = "<group>"; };
		7B12C9709AB434ADCEA8CA26 /* ThresholdBadge.swift */ = {isa = PBXFileReference; lastKnownFileType = sourcecode.swift; path = ThresholdBadge.swift; sourceTree = "<group>"; };
		830BB3A2360096383F2D1031 /* QRZLogbookService.swift */ = {isa = PBXFileReference; lastKnownFileType = sourcecode.swift; path = QRZLogbookService.swift; sourceTree = "<group>"; };
		85E4014475668C53A8CCA588 /* View+iOS.swift */ = {isa = PBXFileReference; lastKnownFileType = sourcecode.swift; path = "View+iOS.swift"; sourceTree = "<group>"; };
		88507B74666DCB10B4C7C361 /* CallsignField.swift */ = {isa = PBXFileReference; lastKnownFileType = sourcecode.swift; path = CallsignField.swift; sourceTree = "<group>"; };
		8B39EE2735EEC4737B443D9F /* LogListView.swift */ = {isa = PBXFileReference; lastKnownFileType = sourcecode.swift; path = LogListView.swift; sourceTree = "<group>"; };
		8D36895F8E54385CB559D7EB /* SOTASummit.swift */ = {isa = PBXFileReference; lastKnownFileType = sourcecode.swift; path = SOTASummit.swift; sourceTree = "<group>"; };
		8E958AF387CB3DF7C0EC80C4 /* Log.swift */ = {isa = PBXFileReference; lastKnownFileType = sourcecode.swift; path = Log.swift; sourceTree = "<group>"; };
		932E6C73C43ECA77F2894614 /* LocationService.swift */ = {isa = PBXFileReference; lastKnownFileType = sourcecode.swift; path = LocationService.swift; sourceTree = "<group>"; };
		93419058673E56FB031EC081 /* QRZSyncViewModel.swift */ = {isa = PBXFileReference; lastKnownFileType = sourcecode.swift; path = QRZSyncViewModel.swift; sourceTree = "<group>"; };
		969963294804578AAD0D5473 /* QSORowView.swift */ = {isa = PBXFileReference; lastKnownFileType = sourcecode.swift; path = QSORowView.swift; sourceTree = "<group>"; };
		987C7E7955869126D69C5810 /* CallsignHistoryRepository.swift */ = {isa = PBXFileReference; lastKnownFileType = sourcecode.swift; path = CallsignHistoryRepository.swift; sourceTree = "<group>"; };
		A769A37917835FBD7553D1A6 /* QRZXMLService.swift */ = {isa = PBXFileReference; lastKnownFileType = sourcecode.swift; path = QRZXMLService.swift; sourceTree = "<group>"; };
		A8916887F957FF81B1F8D6C0 /* SpotRowView.swift */ = {isa = PBXFileReference; lastKnownFileType = sourcecode.swift; path = SpotRowView.swift; sourceTree = "<group>"; };
		ABDCBB4CBC30AE082052E193 /* LogRepository.swift */ = {isa = PBXFileReference; lastKnownFileType = sourcecode.swift; path = LogRepository.swift; sourceTree = "<group>"; };
		B71AAF0F8081AF35818B4107 /* POTASpotService.swift */ = {isa = PBXFileReference; lastKnownFileType = sourcecode.swift; path = POTASpotService.swift; sourceTree = "<group>"; };
		B98854C6230625C38CA3D5E3 /* QSOEntryViewModel.swift */ = {isa = PBXFileReference; lastKnownFileType = sourcecode.swift; path = QSOEntryViewModel.swift; sourceTree = "<group>"; };
		B9B4AC7CBBF765603A450CBF /* ContentView.swift */ = {isa = PBXFileReference; lastKnownFileType = sourcecode.swift; path = ContentView.swift; sourceTree = "<group>"; };
		C170370BFE8F6A94501447F5 /* KeychainService.swift */ = {isa = PBXFileReference; lastKnownFileType = sourcecode.swift; path = KeychainService.swift; sourceTree = "<group>"; };
		D8F22EC12C3CECA112A14C95 /* FieldLog.app */ = {isa = PBXFileReference; includeInIndex = 0; lastKnownFileType = wrapper.application; path = FieldLog.app; sourceTree = BUILT_PRODUCTS_DIR; };
		E6997488FC184AE1E8675AC0 /* POTAParkService.swift */ = {isa = PBXFileReference; lastKnownFileType = sourcecode.swift; path = POTAParkService.swift; sourceTree = "<group>"; };
		EEEB5FEEE19D9264E71131AA /* LogListViewModel.swift */ = {isa = PBXFileReference; lastKnownFileType = sourcecode.swift; path = LogListViewModel.swift; sourceTree = "<group>"; };
		EF1BF004AACE0199EDC8A5D2 /* ReferenceManagerView.swift */ = {isa = PBXFileReference; lastKnownFileType = sourcecode.swift; path = ReferenceManagerView.swift; sourceTree = "<group>"; };
		F2325694D3C345793E4FD28E /* QRZCallsignResult.swift */ = {isa = PBXFileReference; lastKnownFileType = sourcecode.swift; path = QRZCallsignResult.swift; sourceTree = "<group>"; };
		F2BA341D7BCFD449A604EDC5 /* SpotsView.swift */ = {isa = PBXFileReference; lastKnownFileType = sourcecode.swift; path = SpotsView.swift; sourceTree = "<group>"; };
		F52142D698293D2CC15153A4 /* CallPrefixes.json */ = {isa = PBXFileReference; lastKnownFileType = text.json; path = CallPrefixes.json; sourceTree = "<group>"; };
		F77A0AAABDDB3D7095D1619B /* AppDatabase.swift */ = {isa = PBXFileReference; lastKnownFileType = sourcecode.swift; path = AppDatabase.swift; sourceTree = "<group>"; };
		F7B3ADE40365777F36DAA6D4 /* ActivationProgressView.swift */ = {isa = PBXFileReference; lastKnownFileType = sourcecode.swift; path = ActivationProgressView.swift; sourceTree = "<group>"; };
		F846C6E9896BC9C0B621B48B /* ActiveLogViewModel.swift */ = {isa = PBXFileReference; lastKnownFileType = sourcecode.swift; path = ActiveLogViewModel.swift; sourceTree = "<group>"; };
		F971C1E4EE024C8D0DC9BCCD /* Assets.xcassets */ = {isa = PBXFileReference; lastKnownFileType = folder.assetcatalog; path = Assets.xcassets; sourceTree = "<group>"; };
/* End PBXFileReference section */

/* Begin PBXFrameworksBuildPhase section */
		3690C898A730CE537ACC78A9 /* Frameworks */ = {
			isa = PBXFrameworksBuildPhase;
			buildActionMask = 2147483647;
			files = (
				E19293D63A16BF0461441F20 /* GRDB in Frameworks */,
			);
			runOnlyForDeploymentPostprocessing = 0;
		};
		E3852219624B3582C22DDF85 /* Frameworks */ = {
			isa = PBXFrameworksBuildPhase;
			buildActionMask = 2147483647;
			files = (
				923F59EAF5BDA38AC86CA036 /* GRDB in Frameworks */,
			);
			runOnlyForDeploymentPostprocessing = 0;
		};
/* End PBXFrameworksBuildPhase section */

/* Begin PBXGroup section */
		01AF4EA4F870BD107A081264 /* FieldLogTests */ = {
			isa = PBXGroup;
			children = (
				19F4FC21C85333573A6AD8C7 /* FieldLogTests.swift */,
			);
			path = FieldLogTests;
			sourceTree = "<group>";
		};
		228BC690F9BB4C1C76D3CA50 /* ActiveLog */ = {
			isa = PBXGroup;
			children = (
				F7B3ADE40365777F36DAA6D4 /* ActivationProgressView.swift */,
				20B3CE076C059B5BE18EEA32 /* ActiveLogView.swift */,
				5CF8D9F92C44FB63A868F9FD /* QSOEntryView.swift */,
				969963294804578AAD0D5473 /* QSORowView.swift */,
			);
			path = ActiveLog;
			sourceTree = "<group>";
		};
		345830E2F3854A83FD4569EE /* Components */ = {
			isa = PBXGroup;
			children = (
				88507B74666DCB10B4C7C361 /* CallsignField.swift */,
				4415DDE30366AB3475E9B8BE /* RSTField.swift */,
				7B12C9709AB434ADCEA8CA26 /* ThresholdBadge.swift */,
			);
			path = Components;
			sourceTree = "<group>";
		};
		3F646B094EA59BC3FDB185FB /* Products */ = {
			isa = PBXGroup;
			children = (
				D8F22EC12C3CECA112A14C95 /* FieldLog.app */,
				2BC04DD9AA4BCD1B60C518DC /* FieldLogTests.xctest */,
			);
			name = Products;
			sourceTree = "<group>";
		};
		4497515BEE26B61B1628B386 /* LogList */ = {
			isa = PBXGroup;
			children = (
				8B39EE2735EEC4737B443D9F /* LogListView.swift */,
				3BE62987F5C1F6AD1EAAE2A3 /* LogRowView.swift */,
			);
			path = LogList;
			sourceTree = "<group>";
		};
		4DDC9676828E9918681771F4 = {
			isa = PBXGroup;
			children = (
				97721093147866BE8C23C1D5 /* FieldLog */,
				01AF4EA4F870BD107A081264 /* FieldLogTests */,
				3F646B094EA59BC3FDB185FB /* Products */,
			);
			sourceTree = "<group>";
		};
		5A7F16696B374C7D1FDE4840 /* Services */ = {
			isa = PBXGroup;
			children = (
				094B8AFFE3C800DB76E24AB0 /* ADIFFormatter.swift */,
				295B344FCEB83324CCE6820E /* BandPlan.swift */,
				501BEA3DC829A63BD30D1D86 /* CallsignPrefixResolver.swift */,
				C170370BFE8F6A94501447F5 /* KeychainService.swift */,
				932E6C73C43ECA77F2894614 /* LocationService.swift */,
				6C0AD39CBF4CAB60668F751B /* MaidenheadConverter.swift */,
				7B87000FD09F38BFF8B41791 /* Database */,
				8FA42256121DA487D2F7F9E4 /* Network */,
			);
			path = Services;
			sourceTree = "<group>";
		};
		63A785EB89BCACEF9FF7A7F4 /* App */ = {
			isa = PBXGroup;
			children = (
				F77A0AAABDDB3D7095D1619B /* AppDatabase.swift */,
				1C50ECF0372D9F4AC1F700F5 /* FieldLogApp.swift */,
			);
			path = App;
			sourceTree = "<group>";
		};
		758181B20F41ED5F3762F773 /* Models */ = {
			isa = PBXGroup;
			children = (
				4D628A1FE18007F3D70D323A /* CallsignHistory.swift */,
				8E958AF387CB3DF7C0EC80C4 /* Log.swift */,
				3A72E9531B1A12FC055C2C9D /* POTAPark.swift */,
				F2325694D3C345793E4FD28E /* QRZCallsignResult.swift */,
				37EFD82F2DD0D8F389FAC10B /* QSO.swift */,
				1148C3CB4094AFFAD277F426 /* ReferenceMetadata.swift */,
				8D36895F8E54385CB559D7EB /* SOTASummit.swift */,
				139068C3CAF2040CED70DC45 /* Spot.swift */,
			);
			path = Models;
			sourceTree = "<group>";
		};
		7B87000FD09F38BFF8B41791 /* Database */ = {
			isa = PBXGroup;
			children = (
				987C7E7955869126D69C5810 /* CallsignHistoryRepository.swift */,
				ABDCBB4CBC30AE082052E193 /* LogRepository.swift */,
				3204BA6D9D4377A218E0E14D /* QSORepository.swift */,
				2BD6176B0014BC1EA93106D8 /* ReferenceRepository.swift */,
			);
			path = Database;
			sourceTree = "<group>";
		};
		80E085E1743EE68871938A9B /* ViewModels */ = {
			isa = PBXGroup;
			children = (
				F846C6E9896BC9C0B621B48B /* ActiveLogViewModel.swift */,
				EEEB5FEEE19D9264E71131AA /* LogListViewModel.swift */,
				41BDACD4C167D25A9A25A554 /* NewLogViewModel.swift */,
				93419058673E56FB031EC081 /* QRZSyncViewModel.swift */,
				B98854C6230625C38CA3D5E3 /* QSOEntryViewModel.swift */,
				640B29AA0E03542B9F37A8D6 /* SpotsViewModel.swift */,
			);
			path = ViewModels;
			sourceTree = "<group>";
		};
		8FA42256121DA487D2F7F9E4 /* Network */ = {
			isa = PBXGroup;
			children = (
				E6997488FC184AE1E8675AC0 /* POTAParkService.swift */,
				B71AAF0F8081AF35818B4107 /* POTASpotService.swift */,
				830BB3A2360096383F2D1031 /* QRZLogbookService.swift */,
				A769A37917835FBD7553D1A6 /* QRZXMLService.swift */,
				0F950BE6B67A262BDA05818C /* SOTASpotService.swift */,
				3BE95F64CEF935E5C48BD5DE /* SOTASummitService.swift */,
			);
			path = Network;
			sourceTree = "<group>";
		};
		97721093147866BE8C23C1D5 /* FieldLog */ = {
			isa = PBXGroup;
			children = (
				63A785EB89BCACEF9FF7A7F4 /* App */,
				CC579C781E244849E3D9BFCE /* Extensions */,
				758181B20F41ED5F3762F773 /* Models */,
				A4AF7DEAD15A8883E7119495 /* Resources */,
				5A7F16696B374C7D1FDE4840 /* Services */,
				80E085E1743EE68871938A9B /* ViewModels */,
				B9A9266FFB2DF63A8D2CE62E /* Views */,
			);
			path = FieldLog;
			sourceTree = "<group>";
		};
		A4AF7DEAD15A8883E7119495 /* Resources */ = {
			isa = PBXGroup;
			children = (
				F971C1E4EE024C8D0DC9BCCD /* Assets.xcassets */,
				F52142D698293D2CC15153A4 /* CallPrefixes.json */,
			);
			path = Resources;
			sourceTree = "<group>";
		};
		A52A7CF69C6868E559C858EF /* Sync */ = {
			isa = PBXGroup;
			children = (
				011DA28D98A9794A69BD06B5 /* QRZLoginView.swift */,
				231EA482E8A65895029C66B2 /* QRZSyncView.swift */,
				EF1BF004AACE0199EDC8A5D2 /* ReferenceManagerView.swift */,
			);
			path = Sync;
			sourceTree = "<group>";
		};
		B9A9266FFB2DF63A8D2CE62E /* Views */ = {
			isa = PBXGroup;
			children = (
				B9B4AC7CBBF765603A450CBF /* ContentView.swift */,
				228BC690F9BB4C1C76D3CA50 /* ActiveLog */,
				345830E2F3854A83FD4569EE /* Components */,
				4497515BEE26B61B1628B386 /* LogList */,
				DFDCE81BF7A6B4E12C6FF2BB /* NewLog */,
				D3DAF825D3FAA7D5D912A3CB /* Spots */,
				A52A7CF69C6868E559C858EF /* Sync */,
			);
			path = Views;
			sourceTree = "<group>";
		};
		CC579C781E244849E3D9BFCE /* Extensions */ = {
			isa = PBXGroup;
			children = (
				4E5391C6CBA3DAF8258E359B /* Date+Formatting.swift */,
				29D759AE0C3CD92C3A73C3A5 /* String+Callsign.swift */,
				85E4014475668C53A8CCA588 /* View+iOS.swift */,
			);
			path = Extensions;
			sourceTree = "<group>";
		};
		D3DAF825D3FAA7D5D912A3CB /* Spots */ = {
			isa = PBXGroup;
			children = (
				A8916887F957FF81B1F8D6C0 /* SpotRowView.swift */,
				F2BA341D7BCFD449A604EDC5 /* SpotsView.swift */,
			);
			path = Spots;
			sourceTree = "<group>";
		};
		DFDCE81BF7A6B4E12C6FF2BB /* NewLog */ = {
			isa = PBXGroup;
			children = (
				3830021EBBFCE6C4D2D99C9A /* NewLogView.swift */,
			);
			path = NewLog;
			sourceTree = "<group>";
		};
/* End PBXGroup section */

/* Begin PBXNativeTarget section */
		87E965E275FE7AC629CBBB5E /* FieldLogTests */ = {
			isa = PBXNativeTarget;
			buildConfigurationList = 4EC083CA118A3BFCA622D98C /* Build configuration list for PBXNativeTarget "FieldLogTests" */;
			buildPhases = (
				D66E06D4442C7E3F6CC166A4 /* Sources */,
				E3852219624B3582C22DDF85 /* Frameworks */,
			);
			buildRules = (
			);
			dependencies = (
				9EA8F7B6E579B82C24E72B77 /* PBXTargetDependency */,
			);
			name = FieldLogTests;
			packageProductDependencies = (
				F854E68F93A0084406ECE3DB /* GRDB */,
			);
			productName = FieldLogTests;
			productReference = 2BC04DD9AA4BCD1B60C518DC /* FieldLogTests.xctest */;
			productType = "com.apple.product-type.bundle.unit-test";
		};
		F47E420D5441943212149041 /* FieldLog */ = {
			isa = PBXNativeTarget;
			buildConfigurationList = 1F9D0D0F6D016E6E5275A0FC /* Build configuration list for PBXNativeTarget "FieldLog" */;
			buildPhases = (
				0CF06C2BF7D24DF232C328D4 /* Sources */,
				017825CE44EC6D0B88687B72 /* Resources */,
				3690C898A730CE537ACC78A9 /* Frameworks */,
			);
			buildRules = (
			);
			dependencies = (
			);
			name = FieldLog;
			packageProductDependencies = (
				211D5D291FA342A559F879E9 /* GRDB */,
			);
			productName = FieldLog;
			productReference = D8F22EC12C3CECA112A14C95 /* FieldLog.app */;
			productType = "com.apple.product-type.application";
		};
/* End PBXNativeTarget section */

/* Begin PBXProject section */
		2A769409A22BB62937E58213 /* Project object */ = {
			isa = PBXProject;
			attributes = {
				BuildIndependentTargetsInParallel = YES;
				LastUpgradeCheck = 1500;
				TargetAttributes = {
					F47E420D5441943212149041 = {
						ProvisioningStyle = Automatic;
					};
				};
			};
			buildConfigurationList = 1056C866E3BB784DF4D0B68B /* Build configuration list for PBXProject "FieldLog" */;
			compatibilityVersion = "Xcode 14.0";
			developmentRegion = en;
			hasScannedForEncodings = 0;
			knownRegions = (
				Base,
				en,
			);
			mainGroup = 4DDC9676828E9918681771F4;
			minimizedProjectReferenceProxies = 1;
			packageReferences = (
				27F38F8D51A2DA11ECBF5E89 /* XCRemoteSwiftPackageReference "GRDB.swift" */,
			);
			preferredProjectObjectVersion = 77;
			projectDirPath = "";
			projectRoot = "";
			targets = (
				F47E420D5441943212149041 /* FieldLog */,
				87E965E275FE7AC629CBBB5E /* FieldLogTests */,
			);
		};
/* End PBXProject section */

/* Begin PBXResourcesBuildPhase section */
		017825CE44EC6D0B88687B72 /* Resources */ = {
			isa = PBXResourcesBuildPhase;
			buildActionMask = 2147483647;
			files = (
				E619AC0FCE8E6B1822D6E769 /* Assets.xcassets in Resources */,
				25EACBB7D9C9C251419DD4A4 /* CallPrefixes.json in Resources */,
			);
			runOnlyForDeploymentPostprocessing = 0;
		};
/* End PBXResourcesBuildPhase section */

/* Begin PBXSourcesBuildPhase section */
		0CF06C2BF7D24DF232C328D4 /* Sources */ = {
			isa = PBXSourcesBuildPhase;
			buildActionMask = 2147483647;
			files = (
				F1C306738F5DAABCB70ACC01 /* ADIFFormatter.swift in Sources */,
				127D3E51297014357E1D3B1C /* ActivationProgressView.swift in Sources */,
				67475F56122BD79993EFE093 /* ActiveLogView.swift in Sources */,
				11592706FD62EC77B5A1B66A /* ActiveLogViewModel.swift in Sources */,
				0D51B4D7ADF05A1CB58B049F /* AppDatabase.swift in Sources */,
				F1925BD3C7651D39844C5765 /* BandPlan.swift in Sources */,
				B4D9599495421543989D7F52 /* CallsignField.swift in Sources */,
				A797DDD8CB52CD0E8C27D14A /* CallsignHistory.swift in Sources */,
				E40F24CFC828E1C2B47AD6FC /* CallsignHistoryRepository.swift in Sources */,
				FBF68F210E760ADC72886E85 /* CallsignPrefixResolver.swift in Sources */,
				BFBEAB6AEA5386DC5863500D /* ContentView.swift in Sources */,
				57D06A86AE111C72DA2092EC /* Date+Formatting.swift in Sources */,
				DA0804CAAF42EB0CE4AF093E /* FieldLogApp.swift in Sources */,
				B03E3B789301B4A680C68771 /* KeychainService.swift in Sources */,
				09DE0A6D5A3F4F9F8CF07CF2 /* LocationService.swift in Sources */,
				6494149119FB8E1009445244 /* Log.swift in Sources */,
				C12AFD0DCD52C1C9F92A0177 /* LogListView.swift in Sources */,
				B1D0969C486663A41B51495F /* LogListViewModel.swift in Sources */,
				621B021280E7AA956C1960CE /* LogRepository.swift in Sources */,
				BC1A117EA2AD368FA3611D89 /* LogRowView.swift in Sources */,
				A098D9F3E4CF5069479A9D89 /* MaidenheadConverter.swift in Sources */,
				626B00689DF2192FA71482B6 /* NewLogView.swift in Sources */,
				0E5DEB87D8C8B8926A1AD34D /* NewLogViewModel.swift in Sources */,
				35EEB1905083C8199A460977 /* POTAPark.swift in Sources */,
				5A2CBF38B35924D905496465 /* POTAParkService.swift in Sources */,
				4F4339C62EEADC864BB5725E /* POTASpotService.swift in Sources */,
				E8C26C48FAE59090063B9527 /* QRZCallsignResult.swift in Sources */,
				266C328FE8BD334FF289C23F /* QRZLogbookService.swift in Sources */,
				917133A592400217388BCD4A /* QRZLoginView.swift in Sources */,
				12153787444FE7C2A120D787 /* QRZSyncView.swift in Sources */,
				AB2D0340A6616C94244E9F13 /* QRZSyncViewModel.swift in Sources */,
				C5E00F2986214BA2A4C41196 /* QRZXMLService.swift in Sources */,
				1CAC5A75DA231954190CB1F2 /* QSO.swift in Sources */,
				22F0CA00ABC7A2CBF13386AA /* QSOEntryView.swift in Sources */,
				1A8A80210E6AE9DDDEE09396 /* QSOEntryViewModel.swift in Sources */,
				C630F5D10FD05D2B46AF71D8 /* QSORepository.swift in Sources */,
				0ECD957A8C135C2546AC750F /* QSORowView.swift in Sources */,
				086B939C394FC2036E1B5B37 /* RSTField.swift in Sources */,
				81049ED749BEB3B2E71941DE /* ReferenceManagerView.swift in Sources */,
				41B20343CD926DF5DEA36FB5 /* ReferenceMetadata.swift in Sources */,
				7EE55652B73BEF55B7EEC3FF /* ReferenceRepository.swift in Sources */,
				B16B198DB3258DFCDFAC43E0 /* SOTASpotService.swift in Sources */,
				AEE33041B9590F59AD66D489 /* SOTASummit.swift in Sources */,
				3C8DD29459EF0ACD64FE4B47 /* SOTASummitService.swift in Sources */,
				69B3B074F75F8B1D067A6C1D /* Spot.swift in Sources */,
				C4D055F9BA1E6B85EE3D3053 /* SpotRowView.swift in Sources */,
				1F52058A35E9E3DB94150C4F /* SpotsView.swift in Sources */,
				C9EDA8AFB3C6273D30712AFE /* SpotsViewModel.swift in Sources */,
				8E56C1F8DD15EDCFD2E888AE /* String+Callsign.swift in Sources */,
				005C093A81509554C2BE3257 /* ThresholdBadge.swift in Sources */,
				19F726018B8677B49E08A8FB /* View+iOS.swift in Sources */,
			);
			runOnlyForDeploymentPostprocessing = 0;
		};
		D66E06D4442C7E3F6CC166A4 /* Sources */ = {
			isa = PBXSourcesBuildPhase;
			buildActionMask = 2147483647;
			files = (
				56F92D654612B6745B30B9BF /* FieldLogTests.swift in Sources */,
			);
			runOnlyForDeploymentPostprocessing = 0;
		};
/* End PBXSourcesBuildPhase section */

/* Begin PBXTargetDependency section */
		9EA8F7B6E579B82C24E72B77 /* PBXTargetDependency */ = {
			isa = PBXTargetDependency;
			target = F47E420D5441943212149041 /* FieldLog */;
			targetProxy = 0488F85A6073D10B028D5579 /* PBXContainerItemProxy */;
		};
/* End PBXTargetDependency section */

/* Begin XCBuildConfiguration section */
		0570262F2A778077D4313AD5 /* Release */ = {
			isa = XCBuildConfiguration;
			buildSettings = {
				ALWAYS_SEARCH_USER_PATHS = NO;
				CLANG_ANALYZER_NONNULL = YES;
				CLANG_ANALYZER_NUMBER_OBJECT_CONVERSION = YES_AGGRESSIVE;
				CLANG_CXX_LANGUAGE_STANDARD = "gnu++14";
				CLANG_CXX_LIBRARY = "libc++";
				CLANG_ENABLE_MODULES = YES;
				CLANG_ENABLE_OBJC_ARC = YES;
				CLANG_ENABLE_OBJC_WEAK = YES;
				CLANG_WARN_BLOCK_CAPTURE_AUTORELEASING = YES;
				CLANG_WARN_BOOL_CONVERSION = YES;
				CLANG_WARN_COMMA = YES;
				CLANG_WARN_CONSTANT_CONVERSION = YES;
				CLANG_WARN_DEPRECATED_OBJC_IMPLEMENTATIONS = YES;
				CLANG_WARN_DIRECT_OBJC_ISA_USAGE = YES_ERROR;
				CLANG_WARN_DOCUMENTATION_COMMENTS = YES;
				CLANG_WARN_EMPTY_BODY = YES;
				CLANG_WARN_ENUM_CONVERSION = YES;
				CLANG_WARN_INFINITE_RECURSION = YES;
				CLANG_WARN_INT_CONVERSION = YES;
				CLANG_WARN_NON_LITERAL_NULL_CONVERSION = YES;
				CLANG_WARN_OBJC_IMPLICIT_RETAIN_SELF = YES;
				CLANG_WARN_OBJC_LITERAL_CONVERSION = YES;
				CLANG_WARN_OBJC_ROOT_CLASS = YES_ERROR;
				CLANG_WARN_QUOTED_INCLUDE_IN_FRAMEWORK_HEADER = YES;
				CLANG_WARN_RANGE_LOOP_ANALYSIS = YES;
				CLANG_WARN_STRICT_PROTOTYPES = YES;
				CLANG_WARN_SUSPICIOUS_MOVE = YES;
				CLANG_WARN_UNGUARDED_AVAILABILITY = YES_AGGRESSIVE;
				CLANG_WARN_UNREACHABLE_CODE = YES;
				CLANG_WARN__DUPLICATE_METHOD_MATCH = YES;
				COPY_PHASE_STRIP = NO;
				DEBUG_INFORMATION_FORMAT = "dwarf-with-dsym";
				ENABLE_NS_ASSERTIONS = NO;
				ENABLE_STRICT_OBJC_MSGSEND = YES;
				GCC_C_LANGUAGE_STANDARD = gnu11;
				GCC_NO_COMMON_BLOCKS = YES;
				GCC_WARN_64_TO_32_BIT_CONVERSION = YES;
				GCC_WARN_ABOUT_RETURN_TYPE = YES_ERROR;
				GCC_WARN_UNDECLARED_SELECTOR = YES;
				GCC_WARN_UNINITIALIZED_AUTOS = YES_AGGRESSIVE;
				GCC_WARN_UNUSED_FUNCTION = YES;
				GCC_WARN_UNUSED_VARIABLE = YES;
				IPHONEOS_DEPLOYMENT_TARGET = 17.0;
				MTL_ENABLE_DEBUG_INFO = NO;
				MTL_FAST_MATH = YES;
				PRODUCT_NAME = "$(TARGET_NAME)";
				SDKROOT = iphoneos;
				SWIFT_COMPILATION_MODE = wholemodule;
				SWIFT_OPTIMIZATION_LEVEL = "-O";
				SWIFT_VERSION = 5.9;
				TARGETED_DEVICE_FAMILY = 1;
			};
			name = Release;
		};
		2D0485CBE244D5519366C5D1 /* Debug */ = {
			isa = XCBuildConfiguration;
			buildSettings = {
				ALWAYS_SEARCH_USER_PATHS = NO;
				CLANG_ANALYZER_NONNULL = YES;
				CLANG_ANALYZER_NUMBER_OBJECT_CONVERSION = YES_AGGRESSIVE;
				CLANG_CXX_LANGUAGE_STANDARD = "gnu++14";
				CLANG_CXX_LIBRARY = "libc++";
				CLANG_ENABLE_MODULES = YES;
				CLANG_ENABLE_OBJC_ARC = YES;
				CLANG_ENABLE_OBJC_WEAK = YES;
				CLANG_WARN_BLOCK_CAPTURE_AUTORELEASING = YES;
				CLANG_WARN_BOOL_CONVERSION = YES;
				CLANG_WARN_COMMA = YES;
				CLANG_WARN_CONSTANT_CONVERSION = YES;
				CLANG_WARN_DEPRECATED_OBJC_IMPLEMENTATIONS = YES;
				CLANG_WARN_DIRECT_OBJC_ISA_USAGE = YES_ERROR;
				CLANG_WARN_DOCUMENTATION_COMMENTS = YES;
				CLANG_WARN_EMPTY_BODY = YES;
				CLANG_WARN_ENUM_CONVERSION = YES;
				CLANG_WARN_INFINITE_RECURSION = YES;
				CLANG_WARN_INT_CONVERSION = YES;
				CLANG_WARN_NON_LITERAL_NULL_CONVERSION = YES;
				CLANG_WARN_OBJC_IMPLICIT_RETAIN_SELF = YES;
				CLANG_WARN_OBJC_LITERAL_CONVERSION = YES;
				CLANG_WARN_OBJC_ROOT_CLASS = YES_ERROR;
				CLANG_WARN_QUOTED_INCLUDE_IN_FRAMEWORK_HEADER = YES;
				CLANG_WARN_RANGE_LOOP_ANALYSIS = YES;
				CLANG_WARN_STRICT_PROTOTYPES = YES;
				CLANG_WARN_SUSPICIOUS_MOVE = YES;
				CLANG_WARN_UNGUARDED_AVAILABILITY = YES_AGGRESSIVE;
				CLANG_WARN_UNREACHABLE_CODE = YES;
				CLANG_WARN__DUPLICATE_METHOD_MATCH = YES;
				COPY_PHASE_STRIP = NO;
				DEBUG_INFORMATION_FORMAT = dwarf;
				ENABLE_STRICT_OBJC_MSGSEND = YES;
				ENABLE_TESTABILITY = YES;
				GCC_C_LANGUAGE_STANDARD = gnu11;
				GCC_DYNAMIC_NO_PIC = NO;
				GCC_NO_COMMON_BLOCKS = YES;
				GCC_OPTIMIZATION_LEVEL = 0;
				GCC_PREPROCESSOR_DEFINITIONS = (
					"$(inherited)",
					"DEBUG=1",
				);
				GCC_WARN_64_TO_32_BIT_CONVERSION = YES;
				GCC_WARN_ABOUT_RETURN_TYPE = YES_ERROR;
				GCC_WARN_UNDECLARED_SELECTOR = YES;
				GCC_WARN_UNINITIALIZED_AUTOS = YES_AGGRESSIVE;
				GCC_WARN_UNUSED_FUNCTION = YES;
				GCC_WARN_UNUSED_VARIABLE = YES;
				IPHONEOS_DEPLOYMENT_TARGET = 17.0;
				MTL_ENABLE_DEBUG_INFO = INCLUDE_SOURCE;
				MTL_FAST_MATH = YES;
				ONLY_ACTIVE_ARCH = YES;
				PRODUCT_NAME = "$(TARGET_NAME)";
				SDKROOT = iphoneos;
				SWIFT_ACTIVE_COMPILATION_CONDITIONS = DEBUG;
				SWIFT_OPTIMIZATION_LEVEL = "-Onone";
				SWIFT_VERSION = 5.9;
				TARGETED_DEVICE_FAMILY = 1;
			};
			name = Debug;
		};
		43211BD7078C5A69E9E00A82 /* Release */ = {
			isa = XCBuildConfiguration;
			buildSettings = {
				BUNDLE_LOADER = "$(TEST_HOST)";
				GENERATE_INFOPLIST_FILE = YES;
				LD_RUNPATH_SEARCH_PATHS = (
					"$(inherited)",
					"@executable_path/Frameworks",
					"@loader_path/Frameworks",
				);
				PRODUCT_BUNDLE_IDENTIFIER = com.fieldlog.FieldLogTests;
				SDKROOT = iphoneos;
				TARGETED_DEVICE_FAMILY = "1,2";
				TEST_HOST = "$(BUILT_PRODUCTS_DIR)/FieldLog.app/FieldLog";
			};
			name = Release;
		};
		7165C6DF0156549429F34F91 /* Release */ = {
			isa = XCBuildConfiguration;
			buildSettings = {
				ASSETCATALOG_COMPILER_APPICON_NAME = AppIcon;
				CODE_SIGN_IDENTITY = "iPhone Developer";
				CODE_SIGN_STYLE = Automatic;
				CURRENT_PROJECT_VERSION = 1;
				GENERATE_INFOPLIST_FILE = YES;
				INFOPLIST_KEY_NSLocationWhenInUseUsageDescription = "FieldLog uses your location to calculate your Maidenhead grid square for logging.";
				INFOPLIST_KEY_UIApplicationSceneManifest_Generation = YES;
				INFOPLIST_KEY_UIApplicationSupportsIndirectInputEvents = YES;
				INFOPLIST_KEY_UILaunchScreen_Generation = YES;
				INFOPLIST_KEY_UISupportedInterfaceOrientations_iPhone = UIInterfaceOrientationPortrait;
				LD_RUNPATH_SEARCH_PATHS = (
					"$(inherited)",
					"@executable_path/Frameworks",
				);
				MARKETING_VERSION = 1.0;
				PRODUCT_BUNDLE_IDENTIFIER = com.fieldlog.app;
				SDKROOT = iphoneos;
				TARGETED_DEVICE_FAMILY = "1,2";
			};
			name = Release;
		};
		88A689CBC1D45D63120D66F7 /* Debug */ = {
			isa = XCBuildConfiguration;
			buildSettings = {
				BUNDLE_LOADER = "$(TEST_HOST)";
				GENERATE_INFOPLIST_FILE = YES;
				LD_RUNPATH_SEARCH_PATHS = (
					"$(inherited)",
					"@executable_path/Frameworks",
					"@loader_path/Frameworks",
				);
				PRODUCT_BUNDLE_IDENTIFIER = com.fieldlog.FieldLogTests;
				SDKROOT = iphoneos;
				TARGETED_DEVICE_FAMILY = "1,2";
				TEST_HOST = "$(BUILT_PRODUCTS_DIR)/FieldLog.app/FieldLog";
			};
			name = Debug;
		};
		ECD7FB9472C93698531CC904 /* Debug */ = {
			isa = XCBuildConfiguration;
			buildSettings = {
				ASSETCATALOG_COMPILER_APPICON_NAME = AppIcon;
				CODE_SIGN_IDENTITY = "iPhone Developer";
				CODE_SIGN_STYLE = Automatic;
				CURRENT_PROJECT_VERSION = 1;
				GENERATE_INFOPLIST_FILE = YES;
				INFOPLIST_KEY_NSLocationWhenInUseUsageDescription = "FieldLog uses your location to calculate your Maidenhead grid square for logging.";
				INFOPLIST_KEY_UIApplicationSceneManifest_Generation = YES;
				INFOPLIST_KEY_UIApplicationSupportsIndirectInputEvents = YES;
				INFOPLIST_KEY_UILaunchScreen_Generation = YES;
				INFOPLIST_KEY_UISupportedInterfaceOrientations_iPhone = UIInterfaceOrientationPortrait;
				LD_RUNPATH_SEARCH_PATHS = (
					"$(inherited)",
					"@executable_path/Frameworks",
				);
				MARKETING_VERSION = 1.0;
				PRODUCT_BUNDLE_IDENTIFIER = com.fieldlog.app;
				SDKROOT = iphoneos;
				TARGETED_DEVICE_FAMILY = "1,2";
			};
			name = Debug;
		};
/* End XCBuildConfiguration section */

/* Begin XCConfigurationList section */
		1056C866E3BB784DF4D0B68B /* Build configuration list for PBXProject "FieldLog" */ = {
			isa = XCConfigurationList;
			buildConfigurations = (
				2D0485CBE244D5519366C5D1 /* Debug */,
				0570262F2A778077D4313AD5 /* Release */,
			);
			defaultConfigurationIsVisible = 0;
			defaultConfigurationName = Debug;
		};
		1F9D0D0F6D016E6E5275A0FC /* Build configuration list for PBXNativeTarget "FieldLog" */ = {
			isa = XCConfigurationList;
			buildConfigurations = (
				ECD7FB9472C93698531CC904 /* Debug */,
				7165C6DF0156549429F34F91 /* Release */,
			);
			defaultConfigurationIsVisible = 0;
			defaultConfigurationName = Debug;
		};
		4EC083CA118A3BFCA622D98C /* Build configuration list for PBXNativeTarget "FieldLogTests" */ = {
			isa = XCConfigurationList;
			buildConfigurations = (
				88A689CBC1D45D63120D66F7 /* Debug */,
				43211BD7078C5A69E9E00A82 /* Release */,
			);
			defaultConfigurationIsVisible = 0;
			defaultConfigurationName = Debug;
		};
/* End XCConfigurationList section */

/* Begin XCRemoteSwiftPackageReference section */
		27F38F8D51A2DA11ECBF5E89 /* XCRemoteSwiftPackageReference "GRDB.swift" */ = {
			isa = XCRemoteSwiftPackageReference;
			repositoryURL = "https://github.com/groue/GRDB.swift.git";
			requirement = {
				kind = upToNextMajorVersion;
				minimumVersion = 7.0.0;
			};
		};
/* End XCRemoteSwiftPackageReference section */

/* Begin XCSwiftPackageProductDependency section */
		211D5D291FA342A559F879E9 /* GRDB */ = {
			isa = XCSwiftPackageProductDependency;
			package = 27F38F8D51A2DA11ECBF5E89 /* XCRemoteSwiftPackageReference "GRDB.swift" */;
			productName = GRDB;
		};
		F854E68F93A0084406ECE3DB /* GRDB */ = {
			isa = XCSwiftPackageProductDependency;
			package = 27F38F8D51A2DA11ECBF5E89 /* XCRemoteSwiftPackageReference "GRDB.swift" */;
			productName = GRDB;
		};
/* End XCSwiftPackageProductDependency section */
	};
	rootObject = 2A769409A22BB62937E58213 /* Project object */;
}
