{
  "pins" : [
    {
      "identity" : "grdb.swift",
      "kind" : "remoteSourceControl",
      "location" : "https://github.com/groue/GRDB.swift.git",
      "state" : {
        "revision" : "36e30a6f1ef10e4194f6af0cff90888526f0c115",
        "version" : "7.10.0"
      }
    },
    {
      "identity" : "ham-core",
      "kind" : "remoteSourceControl",
      "location" : "git@github.com:chrishunt/ham-core.git",
      "state" : {
        "revision" : "8ec4fd0ddf4bfb44c22511a0f58d5f2b24142446",
        "version" : "1.0.0"
      }
    }
  ],
  "version" : 2
}
